// !$*UTF8*$!
{
	archiveVersion = 1;
	classes = {
	};
	objectVersion = 46;
	objects = {

/* Begin PBXBuildFile section */
		0E87A8CFEBA94058AA2AF1E7 /* libPods.a in Frameworks */ = {isa = PBXBuildFile; fileRef = D6A904064D304A8089D525CC /* libPods.a */; };
		A108B50618DC81D1004DDA65 /* FSUtilSettings.m in Sources */ = {isa = PBXBuildFile; fileRef = A1E838E618CEAD1C008E6F57 /* FSUtilSettings.m */; };
		A10A4BAF19A9F6F90011E5A1 /* BTGlassScrollView.m in Sources */ = {isa = PBXBuildFile; fileRef = A10A4BAC19A9F6F90011E5A1 /* BTGlassScrollView.m */; };
		A10A4BB019A9F6F90011E5A1 /* UIImage+ImageEffects.m in Sources */ = {isa = PBXBuildFile; fileRef = A10A4BAE19A9F6F90011E5A1 /* UIImage+ImageEffects.m */; };
		A10BC25918CF1F97002999F6 /* TSMainController.m in Sources */ = {isa = PBXBuildFile; fileRef = A10BC25818CF1F97002999F6 /* TSMainController.m */; };
		A10BC27618D05C40002999F6 /* YSpinKitView.m in Sources */ = {isa = PBXBuildFile; fileRef = A10BC27518D05C40002999F6 /* YSpinKitView.m */; };
		A10BC27A18D0713B002999F6 /* TSPlace.m in Sources */ = {isa = PBXBuildFile; fileRef = A10BC27918D0713B002999F6 /* TSPlace.m */; };
		A10EDCA618D07F940048EA02 /* TSMainCell.m in Sources */ = {isa = PBXBuildFile; fileRef = A10EDCA518D07F940048EA02 /* TSMainCell.m */; };
		A11316F1191E81E800EC96B6 /* TSPromotionController.m in Sources */ = {isa = PBXBuildFile; fileRef = A11316F0191E81E800EC96B6 /* TSPromotionController.m */; };
		A1165CB218F69D8300213808 /* TSPlaceCategory.m in Sources */ = {isa = PBXBuildFile; fileRef = A1165CB118F69D8300213808 /* TSPlaceCategory.m */; };
		A12A9EA71A09C2880084376C /* TSGuideController.m in Sources */ = {isa = PBXBuildFile; fileRef = A12A9EA61A09C2880084376C /* TSGuideController.m */; };
		A12A9EAB1A0FB8590084376C /* MBProgressHUD.m in Sources */ = {isa = PBXBuildFile; fileRef = A12A9EAA1A0FB8590084376C /* MBProgressHUD.m */; };
		A1412F661B7AE043009E1FF4 /* JDMenuViewController.xib in Resources */ = {isa = PBXBuildFile; fileRef = A1412F681B7AE043009E1FF4 /* JDMenuViewController.xib */; };
		A14F0A741B710A30000469D8 /* TSMemberController.m in Sources */ = {isa = PBXBuildFile; fileRef = A14F0A731B710A30000469D8 /* TSMemberController.m */; };
		A14F0A771B719203000469D8 /* TSMembership.m in Sources */ = {isa = PBXBuildFile; fileRef = A14F0A761B719203000469D8 /* TSMembership.m */; };
		A150B7911A105B8F0044A1BE /* TSFavoriteController.m in Sources */ = {isa = PBXBuildFile; fileRef = A150B7901A105B8F0044A1BE /* TSFavoriteController.m */; };
		A154546D19E94F290032AE03 /* UIImage+UIImageExt.m in Sources */ = {isa = PBXBuildFile; fileRef = A154546819E94F290032AE03 /* UIImage+UIImageExt.m */; };
		A154546E19E94F290032AE03 /* UIImage+Blend.m in Sources */ = {isa = PBXBuildFile; fileRef = A154546A19E94F290032AE03 /* UIImage+Blend.m */; };
		A154546F19E94F290032AE03 /* UIImage+vImage.m in Sources */ = {isa = PBXBuildFile; fileRef = A154546C19E94F290032AE03 /* UIImage+vImage.m */; };
		A15FC10D1A2C0E5800AE708C /* TSMenuCell.m in Sources */ = {isa = PBXBuildFile; fileRef = A15FC10C1A2C0E5800AE708C /* TSMenuCell.m */; };
		A15FC1101A2D4A7300AE708C /* TSMenu.m in Sources */ = {isa = PBXBuildFile; fileRef = A15FC10F1A2D4A7300AE708C /* TSMenu.m */; };
		A169DCA619E46B5B003D4846 /* FSTableViewController.m in Sources */ = {isa = PBXBuildFile; fileRef = A169DCA519E46B5B003D4846 /* FSTableViewController.m */; };
		A16E678619BEB596005EE27B /* TSSearchController.m in Sources */ = {isa = PBXBuildFile; fileRef = A16E678519BEB596005EE27B /* TSSearchController.m */; };
		A16E678919BEB5A4005EE27B /* TSDirectionController.m in Sources */ = {isa = PBXBuildFile; fileRef = A16E678819BEB5A4005EE27B /* TSDirectionController.m */; };
		A171E16D18C6D186003113ED /* Foundation.framework in Frameworks */ = {isa = PBXBuildFile; fileRef = A171E16C18C6D186003113ED /* Foundation.framework */; };
		A171E16F18C6D186003113ED /* CoreGraphics.framework in Frameworks */ = {isa = PBXBuildFile; fileRef = A171E16E18C6D186003113ED /* CoreGraphics.framework */; };
		A171E17118C6D186003113ED /* UIKit.framework in Frameworks */ = {isa = PBXBuildFile; fileRef = A171E17018C6D186003113ED /* UIKit.framework */; };
		A171E17718C6D186003113ED /* InfoPlist.strings in Resources */ = {isa = PBXBuildFile; fileRef = A171E17518C6D186003113ED /* InfoPlist.strings */; };
		A171E17918C6D186003113ED /* main.m in Sources */ = {isa = PBXBuildFile; fileRef = A171E17818C6D186003113ED /* main.m */; };
		A171E17D18C6D186003113ED /* AppDelegate.m in Sources */ = {isa = PBXBuildFile; fileRef = A171E17C18C6D186003113ED /* AppDelegate.m */; };
		A171E18018C6D186003113ED /* Main.storyboard in Resources */ = {isa = PBXBuildFile; fileRef = A171E17E18C6D186003113ED /* Main.storyboard */; };
		A171E18518C6D186003113ED /* Images.xcassets in Resources */ = {isa = PBXBuildFile; fileRef = A171E18418C6D186003113ED /* Images.xcassets */; };
		A171E18D18C6D186003113ED /* Foundation.framework in Frameworks */ = {isa = PBXBuildFile; fileRef = A171E16C18C6D186003113ED /* Foundation.framework */; };
		A171E18E18C6D186003113ED /* UIKit.framework in Frameworks */ = {isa = PBXBuildFile; fileRef = A171E17018C6D186003113ED /* UIKit.framework */; };
		A171E19618C6D186003113ED /* InfoPlist.strings in Resources */ = {isa = PBXBuildFile; fileRef = A171E19418C6D186003113ED /* InfoPlist.strings */; };
		A171E19818C6D186003113ED /* MalmooTests.m in Sources */ = {isa = PBXBuildFile; fileRef = A171E19718C6D186003113ED /* MalmooTests.m */; };
		A1738D7518D6927F00FBFDFC /* TSDetailController.m in Sources */ = {isa = PBXBuildFile; fileRef = A1738D7418D6927F00FBFDFC /* TSDetailController.m */; };
		A178487718F13995005B05F1 /* Cell.m in Sources */ = {isa = PBXBuildFile; fileRef = A178486F18F13995005B05F1 /* Cell.m */; };
		A178487818F13995005B05F1 /* Cell.xib in Resources */ = {isa = PBXBuildFile; fileRef = A178487018F13995005B05F1 /* Cell.xib */; };
		A178487918F13995005B05F1 /* FolderCoverView.m in Sources */ = {isa = PBXBuildFile; fileRef = A178487218F13995005B05F1 /* FolderCoverView.m */; };
		A178487A18F13995005B05F1 /* UIFolderTableView.m in Sources */ = {isa = PBXBuildFile; fileRef = A178487418F13995005B05F1 /* UIFolderTableView.m */; };
		A178487B18F13995005B05F1 /* UIView+screenshot.m in Sources */ = {isa = PBXBuildFile; fileRef = A178487618F13995005B05F1 /* UIView+screenshot.m */; };
		A178488018F13A39005B05F1 /* SubCateViewController.m in Sources */ = {isa = PBXBuildFile; fileRef = A178487E18F13A39005B05F1 /* SubCateViewController.m */; };
		A178488118F13A39005B05F1 /* SubCateViewController.xib in Resources */ = {isa = PBXBuildFile; fileRef = A178487F18F13A39005B05F1 /* SubCateViewController.xib */; };
		A17EB96B1AC7E12800A40309 /* TSCheckinController.m in Sources */ = {isa = PBXBuildFile; fileRef = A17EB96A1AC7E12800A40309 /* TSCheckinController.m */; };
		A17EB96E1AC8396800A40309 /* Checkin.storyboard in Resources */ = {isa = PBXBuildFile; fileRef = A17EB96D1AC8396800A40309 /* Checkin.storyboard */; };
		A1830B5518DB4D540053DE81 /* TSMapController.m in Sources */ = {isa = PBXBuildFile; fileRef = A1830B5418DB4D540053DE81 /* TSMapController.m */; };
		A1830B5C18DB4E4C0053DE81 /* JDSideMenu.m in Sources */ = {isa = PBXBuildFile; fileRef = A1830B5918DB4E4C0053DE81 /* JDSideMenu.m */; };
		A1830B5D18DB4E4C0053DE81 /* UIViewController+JDSideMenu.m in Sources */ = {isa = PBXBuildFile; fileRef = A1830B5B18DB4E4C0053DE81 /* UIViewController+JDSideMenu.m */; };
		A1830B6218DB4F530053DE81 /* JDMenuViewController.m in Sources */ = {isa = PBXBuildFile; fileRef = A1830B6018DB4F530053DE81 /* JDMenuViewController.m */; };
		A1830B6A18DB5C460053DE81 /* TSMoreController.m in Sources */ = {isa = PBXBuildFile; fileRef = A1830B6918DB5C460053DE81 /* TSMoreController.m */; };
		A1830B6D18DB604E0053DE81 /* TSCategoryController.m in Sources */ = {isa = PBXBuildFile; fileRef = A1830B6C18DB604E0053DE81 /* TSCategoryController.m */; };
		A1830BA318DBF5340053DE81 /* TSPlaceMark.m in Sources */ = {isa = PBXBuildFile; fileRef = A1830BA218DBF5340053DE81 /* TSPlaceMark.m */; };
		A18AA9591A13BA7F00D931E6 /* TSMutiLanguageMenuController.m in Sources */ = {isa = PBXBuildFile; fileRef = A18AA9581A13BA7F00D931E6 /* TSMutiLanguageMenuController.m */; };
		A1A4B7941A219A9200B0D1A8 /* TSFeedbackController.m in Sources */ = {isa = PBXBuildFile; fileRef = A1A4B7931A219A9200B0D1A8 /* TSFeedbackController.m */; };
		A1AE450C19EF75C4004B328B /* TSLoginController.m in Sources */ = {isa = PBXBuildFile; fileRef = A1AE450B19EF75C4004B328B /* TSLoginController.m */; };
		A1AE451019EF7657004B328B /* TSSignupController.m in Sources */ = {isa = PBXBuildFile; fileRef = A1AE450F19EF7657004B328B /* TSSignupController.m */; };
		A1AF39711A19AC91006F26F5 /* Account.storyboard in Resources */ = {isa = PBXBuildFile; fileRef = A1AF39731A19AC91006F26F5 /* Account.storyboard */; };
		A1BDDDE41998FB830041B0A1 /* TSPhotoCollectionController.m in Sources */ = {isa = PBXBuildFile; fileRef = A1BDDDE31998FB830041B0A1 /* TSPhotoCollectionController.m */; };
		A1BDDDF9199917FB0041B0A1 /* TSPhotoCollectionViewCell.m in Sources */ = {isa = PBXBuildFile; fileRef = A1BDDDF8199917FB0041B0A1 /* TSPhotoCollectionViewCell.m */; };
		A1BDDDFC199A7A150041B0A1 /* TSPhotoGalleryController.m in Sources */ = {isa = PBXBuildFile; fileRef = A1BDDDFB199A7A150041B0A1 /* TSPhotoGalleryController.m */; };
		A1BDDE0A199A825B0041B0A1 /* MJPhoto.m in Sources */ = {isa = PBXBuildFile; fileRef = A1BDDDFE199A825B0041B0A1 /* MJPhoto.m */; };
		A1BDDE0B199A825B0041B0A1 /* MJPhotoBrowser.bundle in Resources */ = {isa = PBXBuildFile; fileRef = A1BDDDFF199A825B0041B0A1 /* MJPhotoBrowser.bundle */; };
		A1BDDE0C199A825B0041B0A1 /* MJPhotoBrowser.m in Sources */ = {isa = PBXBuildFile; fileRef = A1BDDE01199A825B0041B0A1 /* MJPhotoBrowser.m */; };
		A1BDDE0D199A825B0041B0A1 /* MJPhotoLoadingView.m in Sources */ = {isa = PBXBuildFile; fileRef = A1BDDE03199A825B0041B0A1 /* MJPhotoLoadingView.m */; };
		A1BDDE0E199A825B0041B0A1 /* MJPhotoProgressView.m in Sources */ = {isa = PBXBuildFile; fileRef = A1BDDE05199A825B0041B0A1 /* MJPhotoProgressView.m */; };
		A1BDDE0F199A825B0041B0A1 /* MJPhotoToolbar.m in Sources */ = {isa = PBXBuildFile; fileRef = A1BDDE07199A825B0041B0A1 /* MJPhotoToolbar.m */; };
		A1BDDE10199A825B0041B0A1 /* MJPhotoView.m in Sources */ = {isa = PBXBuildFile; fileRef = A1BDDE09199A825B0041B0A1 /* MJPhotoView.m */; };
		A1C8EAD31A139EFB006AE0B3 /* SVProgressHUD.m in Sources */ = {isa = PBXBuildFile; fileRef = A1C8EAD11A139EFB006AE0B3 /* SVProgressHUD.m */; };
		A1C8EAD41A139EFB006AE0B3 /* SVProgressHUD.bundle in Resources */ = {isa = PBXBuildFile; fileRef = A1C8EAD21A139EFB006AE0B3 /* SVProgressHUD.bundle */; };
		A1C8EAD61A13A631006AE0B3 /* AVFoundation.framework in Frameworks */ = {isa = PBXBuildFile; fileRef = A1C8EAD51A13A631006AE0B3 /* AVFoundation.framework */; };
		A1C8EAD81A13A63D006AE0B3 /* CoreMedia.framework in Frameworks */ = {isa = PBXBuildFile; fileRef = A1C8EAD71A13A63D006AE0B3 /* CoreMedia.framework */; };
		A1C8EADA1A13A647006AE0B3 /* CoreVideo.framework in Frameworks */ = {isa = PBXBuildFile; fileRef = A1C8EAD91A13A647006AE0B3 /* CoreVideo.framework */; };
		A1C8EADC1A13A657006AE0B3 /* QuartzCore.framework in Frameworks */ = {isa = PBXBuildFile; fileRef = A1C8EADB1A13A657006AE0B3 /* QuartzCore.framework */; };
		A1C8EADE1A13A670006AE0B3 /* libiconv.dylib in Frameworks */ = {isa = PBXBuildFile; fileRef = A1C8EADD1A13A670006AE0B3 /* libiconv.dylib */; };
		A1C8EAE21A13A6BA006AE0B3 /* ZbarScannerController.m in Sources */ = {isa = PBXBuildFile; fileRef = A1C8EAE11A13A6BA006AE0B3 /* ZbarScannerController.m */; };
		A1DB3FE81B7C472C00702674 /* TSDetailControllerView.xib in Resources */ = {isa = PBXBuildFile; fileRef = A1DB3FEA1B7C472C00702674 /* TSDetailControllerView.xib */; };
		A1E7D7DD1A1DE0D300211132 /* MutiLanguage.storyboard in Resources */ = {isa = PBXBuildFile; fileRef = A1E7D7DF1A1DE0D300211132 /* MutiLanguage.storyboard */; };
		A1E7D7E81A1DE63900211132 /* Localizable.strings in Resources */ = {isa = PBXBuildFile; fileRef = A1E7D7EA1A1DE63900211132 /* Localizable.strings */; };
		A1E838E718CEAD1C008E6F57 /* FSUtilSettings.m in Sources */ = {isa = PBXBuildFile; fileRef = A1E838E618CEAD1C008E6F57 /* FSUtilSettings.m */; };
		A1E95B42191F1DD6009BE585 /* MJRefresh.bundle in Resources */ = {isa = PBXBuildFile; fileRef = A1E95B38191F1DD6009BE585 /* MJRefresh.bundle */; };
		A1E95B43191F1DD6009BE585 /* MJRefreshBaseView.m in Sources */ = {isa = PBXBuildFile; fileRef = A1E95B3B191F1DD6009BE585 /* MJRefreshBaseView.m */; };
		A1E95B44191F1DD6009BE585 /* MJRefreshConst.m in Sources */ = {isa = PBXBuildFile; fileRef = A1E95B3D191F1DD6009BE585 /* MJRefreshConst.m */; };
		A1E95B45191F1DD6009BE585 /* MJRefreshFooterView.m in Sources */ = {isa = PBXBuildFile; fileRef = A1E95B3F191F1DD6009BE585 /* MJRefreshFooterView.m */; };
		A1E95B46191F1DD6009BE585 /* MJRefreshHeaderView.m in Sources */ = {isa = PBXBuildFile; fileRef = A1E95B41191F1DD6009BE585 /* MJRefreshHeaderView.m */; };
		A1FD808219AC1D2200379334 /* TSDetailControllerView.m in Sources */ = {isa = PBXBuildFile; fileRef = A1FD808119AC1D2200379334 /* TSDetailControllerView.m */; };
/* End PBXBuildFile section */

/* Begin PBXContainerItemProxy section */
		A171E18F18C6D186003113ED /* PBXContainerItemProxy */ = {
			isa = PBXContainerItemProxy;
			containerPortal = A171E16118C6D186003113ED /* Project object */;
			proxyType = 1;
			remoteGlobalIDString = A171E16818C6D186003113ED;
			remoteInfo = Malmoo;
		};
/* End PBXContainerItemProxy section */

/* Begin PBXFileReference section */
		34EAEA7E621DAEAD9CFFC1A1 /* Pods.debug.xcconfig */ = {isa = PBXFileReference; includeInIndex = 1; lastKnownFileType = text.xcconfig; name = Pods.debug.xcconfig; path = "Pods/Target Support Files/Pods/Pods.debug.xcconfig"; sourceTree = "<group>"; };
		A10A4BAB19A9F6F90011E5A1 /* BTGlassScrollView.h */ = {isa = PBXFileReference; fileEncoding = 4; lastKnownFileType = sourcecode.c.h; path = BTGlassScrollView.h; sourceTree = "<group>"; };
		A10A4BAC19A9F6F90011E5A1 /* BTGlassScrollView.m */ = {isa = PBXFileReference; fileEncoding = 4; lastKnownFileType = sourcecode.c.objc; path = BTGlassScrollView.m; sourceTree = "<group>"; };
		A10A4BAD19A9F6F90011E5A1 /* UIImage+ImageEffects.h */ = {isa = PBXFileReference; fileEncoding = 4; lastKnownFileType = sourcecode.c.h; path = "UIImage+ImageEffects.h"; sourceTree = "<group>"; };
		A10A4BAE19A9F6F90011E5A1 /* UIImage+ImageEffects.m */ = {isa = PBXFileReference; fileEncoding = 4; lastKnownFileType = sourcecode.c.objc; path = "UIImage+ImageEffects.m"; sourceTree = "<group>"; };
		A10BC25718CF1F97002999F6 /* TSMainController.h */ = {isa = PBXFileReference; fileEncoding = 4; lastKnownFileType = sourcecode.c.h; path = TSMainController.h; sourceTree = "<group>"; };
		A10BC25818CF1F97002999F6 /* TSMainController.m */ = {isa = PBXFileReference; fileEncoding = 4; lastKnownFileType = sourcecode.c.objc; path = TSMainController.m; sourceTree = "<group>"; };
		A10BC27418D05C40002999F6 /* YSpinKitView.h */ = {isa = PBXFileReference; fileEncoding = 4; lastKnownFileType = sourcecode.c.h; path = YSpinKitView.h; sourceTree = "<group>"; };
		A10BC27518D05C40002999F6 /* YSpinKitView.m */ = {isa = PBXFileReference; fileEncoding = 4; lastKnownFileType = sourcecode.c.objc; path = YSpinKitView.m; sourceTree = "<group>"; };
		A10BC27818D0713B002999F6 /* TSPlace.h */ = {isa = PBXFileReference; fileEncoding = 4; lastKnownFileType = sourcecode.c.h; path = TSPlace.h; sourceTree = "<group>"; };
		A10BC27918D0713B002999F6 /* TSPlace.m */ = {isa = PBXFileReference; fileEncoding = 4; lastKnownFileType = sourcecode.c.objc; path = TSPlace.m; sourceTree = "<group>"; };
		A10EDCA418D07F940048EA02 /* TSMainCell.h */ = {isa = PBXFileReference; fileEncoding = 4; lastKnownFileType = sourcecode.c.h; path = TSMainCell.h; sourceTree = "<group>"; };
		A10EDCA518D07F940048EA02 /* TSMainCell.m */ = {isa = PBXFileReference; fileEncoding = 4; lastKnownFileType = sourcecode.c.objc; path = TSMainCell.m; sourceTree = "<group>"; };
		A11316EF191E81E800EC96B6 /* TSPromotionController.h */ = {isa = PBXFileReference; fileEncoding = 4; lastKnownFileType = sourcecode.c.h; path = TSPromotionController.h; sourceTree = "<group>"; };
		A11316F0191E81E800EC96B6 /* TSPromotionController.m */ = {isa = PBXFileReference; fileEncoding = 4; lastKnownFileType = sourcecode.c.objc; path = TSPromotionController.m; sourceTree = "<group>"; };
		A1165CB018F69D8300213808 /* TSPlaceCategory.h */ = {isa = PBXFileReference; fileEncoding = 4; lastKnownFileType = sourcecode.c.h; path = TSPlaceCategory.h; sourceTree = "<group>"; };
		A1165CB118F69D8300213808 /* TSPlaceCategory.m */ = {isa = PBXFileReference; fileEncoding = 4; lastKnownFileType = sourcecode.c.objc; path = TSPlaceCategory.m; sourceTree = "<group>"; };
		A12A9EA51A09C2880084376C /* TSGuideController.h */ = {isa = PBXFileReference; fileEncoding = 4; lastKnownFileType = sourcecode.c.h; path = TSGuideController.h; sourceTree = "<group>"; };
		A12A9EA61A09C2880084376C /* TSGuideController.m */ = {isa = PBXFileReference; fileEncoding = 4; lastKnownFileType = sourcecode.c.objc; path = TSGuideController.m; sourceTree = "<group>"; };
		A12A9EA91A0FB8590084376C /* MBProgressHUD.h */ = {isa = PBXFileReference; fileEncoding = 4; lastKnownFileType = sourcecode.c.h; path = MBProgressHUD.h; sourceTree = "<group>"; };
		A12A9EAA1A0FB8590084376C /* MBProgressHUD.m */ = {isa = PBXFileReference; fileEncoding = 4; lastKnownFileType = sourcecode.c.objc; path = MBProgressHUD.m; sourceTree = "<group>"; };
		A1412F691B7AE045009E1FF4 /* Base */ = {isa = PBXFileReference; lastKnownFileType = file.xib; name = Base; path = Base.lproj/JDMenuViewController.xib; sourceTree = "<group>"; };
		A14F0A721B710A30000469D8 /* TSMemberController.h */ = {isa = PBXFileReference; fileEncoding = 4; lastKnownFileType = sourcecode.c.h; path = TSMemberController.h; sourceTree = "<group>"; };
		A14F0A731B710A30000469D8 /* TSMemberController.m */ = {isa = PBXFileReference; fileEncoding = 4; lastKnownFileType = sourcecode.c.objc; path = TSMemberController.m; sourceTree = "<group>"; };
		A14F0A751B719203000469D8 /* TSMembership.h */ = {isa = PBXFileReference; fileEncoding = 4; lastKnownFileType = sourcecode.c.h; path = TSMembership.h; sourceTree = "<group>"; };
		A14F0A761B719203000469D8 /* TSMembership.m */ = {isa = PBXFileReference; fileEncoding = 4; lastKnownFileType = sourcecode.c.objc; path = TSMembership.m; sourceTree = "<group>"; };
		A150B78F1A105B8F0044A1BE /* TSFavoriteController.h */ = {isa = PBXFileReference; fileEncoding = 4; lastKnownFileType = sourcecode.c.h; path = TSFavoriteController.h; sourceTree = "<group>"; };
		A150B7901A105B8F0044A1BE /* TSFavoriteController.m */ = {isa = PBXFileReference; fileEncoding = 4; lastKnownFileType = sourcecode.c.objc; path = TSFavoriteController.m; sourceTree = "<group>"; };
		A154546719E94F290032AE03 /* UIImage+UIImageExt.h */ = {isa = PBXFileReference; fileEncoding = 4; lastKnownFileType = sourcecode.c.h; path = "UIImage+UIImageExt.h"; sourceTree = "<group>"; };
		A154546819E94F290032AE03 /* UIImage+UIImageExt.m */ = {isa = PBXFileReference; fileEncoding = 4; lastKnownFileType = sourcecode.c.objc; path = "UIImage+UIImageExt.m"; sourceTree = "<group>"; };
		A154546919E94F290032AE03 /* UIImage+Blend.h */ = {isa = PBXFileReference; fileEncoding = 4; lastKnownFileType = sourcecode.c.h; path = "UIImage+Blend.h"; sourceTree = "<group>"; };
		A154546A19E94F290032AE03 /* UIImage+Blend.m */ = {isa = PBXFileReference; fileEncoding = 4; lastKnownFileType = sourcecode.c.objc; path = "UIImage+Blend.m"; sourceTree = "<group>"; };
		A154546B19E94F290032AE03 /* UIImage+vImage.h */ = {isa = PBXFileReference; fileEncoding = 4; lastKnownFileType = sourcecode.c.h; path = "UIImage+vImage.h"; sourceTree = "<group>"; };
		A154546C19E94F290032AE03 /* UIImage+vImage.m */ = {isa = PBXFileReference; fileEncoding = 4; lastKnownFileType = sourcecode.c.objc; path = "UIImage+vImage.m"; sourceTree = "<group>"; };
		A15FC10B1A2C0E5800AE708C /* TSMenuCell.h */ = {isa = PBXFileReference; fileEncoding = 4; lastKnownFileType = sourcecode.c.h; path = TSMenuCell.h; sourceTree = "<group>"; };
		A15FC10C1A2C0E5800AE708C /* TSMenuCell.m */ = {isa = PBXFileReference; fileEncoding = 4; lastKnownFileType = sourcecode.c.objc; path = TSMenuCell.m; sourceTree = "<group>"; };
		A15FC10E1A2D4A7300AE708C /* TSMenu.h */ = {isa = PBXFileReference; fileEncoding = 4; lastKnownFileType = sourcecode.c.h; path = TSMenu.h; sourceTree = "<group>"; };
		A15FC10F1A2D4A7300AE708C /* TSMenu.m */ = {isa = PBXFileReference; fileEncoding = 4; lastKnownFileType = sourcecode.c.objc; path = TSMenu.m; sourceTree = "<group>"; };
		A169DCA419E46B5B003D4846 /* FSTableViewController.h */ = {isa = PBXFileReference; fileEncoding = 4; lastKnownFileType = sourcecode.c.h; path = FSTableViewController.h; sourceTree = "<group>"; };
		A169DCA519E46B5B003D4846 /* FSTableViewController.m */ = {isa = PBXFileReference; fileEncoding = 4; lastKnownFileType = sourcecode.c.objc; path = FSTableViewController.m; sourceTree = "<group>"; };
		A16E678419BEB596005EE27B /* TSSearchController.h */ = {isa = PBXFileReference; fileEncoding = 4; lastKnownFileType = sourcecode.c.h; path = TSSearchController.h; sourceTree = "<group>"; };
		A16E678519BEB596005EE27B /* TSSearchController.m */ = {isa = PBXFileReference; fileEncoding = 4; lastKnownFileType = sourcecode.c.objc; path = TSSearchController.m; sourceTree = "<group>"; };
		A16E678719BEB5A4005EE27B /* TSDirectionController.h */ = {isa = PBXFileReference; fileEncoding = 4; lastKnownFileType = sourcecode.c.h; path = TSDirectionController.h; sourceTree = "<group>"; };
		A16E678819BEB5A4005EE27B /* TSDirectionController.m */ = {isa = PBXFileReference; fileEncoding = 4; lastKnownFileType = sourcecode.c.objc; path = TSDirectionController.m; sourceTree = "<group>"; };
		A171E16918C6D186003113ED /* Malmoo.app */ = {isa = PBXFileReference; explicitFileType = wrapper.application; includeInIndex = 0; path = Malmoo.app; sourceTree = BUILT_PRODUCTS_DIR; };
		A171E16C18C6D186003113ED /* Foundation.framework */ = {isa = PBXFileReference; lastKnownFileType = wrapper.framework; name = Foundation.framework; path = System/Library/Frameworks/Foundation.framework; sourceTree = SDKROOT; };
		A171E16E18C6D186003113ED /* CoreGraphics.framework */ = {isa = PBXFileReference; lastKnownFileType = wrapper.framework; name = CoreGraphics.framework; path = System/Library/Frameworks/CoreGraphics.framework; sourceTree = SDKROOT; };
		A171E17018C6D186003113ED /* UIKit.framework */ = {isa = PBXFileReference; lastKnownFileType = wrapper.framework; name = UIKit.framework; path = System/Library/Frameworks/UIKit.framework; sourceTree = SDKROOT; };
		A171E17418C6D186003113ED /* Malmoo-Info.plist */ = {isa = PBXFileReference; lastKnownFileType = text.plist.xml; path = "Malmoo-Info.plist"; sourceTree = "<group>"; };
		A171E17618C6D186003113ED /* en */ = {isa = PBXFileReference; lastKnownFileType = text.plist.strings; name = en; path = en.lproj/InfoPlist.strings; sourceTree = "<group>"; };
		A171E17818C6D186003113ED /* main.m */ = {isa = PBXFileReference; lastKnownFileType = sourcecode.c.objc; path = main.m; sourceTree = "<group>"; };
		A171E17A18C6D186003113ED /* Malmoo-Prefix.pch */ = {isa = PBXFileReference; lastKnownFileType = sourcecode.c.h; path = "Malmoo-Prefix.pch"; sourceTree = "<group>"; };
		A171E17B18C6D186003113ED /* AppDelegate.h */ = {isa = PBXFileReference; lastKnownFileType = sourcecode.c.h; path = AppDelegate.h; sourceTree = "<group>"; };
		A171E17C18C6D186003113ED /* AppDelegate.m */ = {isa = PBXFileReference; lastKnownFileType = sourcecode.c.objc; path = AppDelegate.m; sourceTree = "<group>"; };
		A171E17F18C6D186003113ED /* Base */ = {isa = PBXFileReference; lastKnownFileType = file.storyboard; name = Base; path = Base.lproj/Main.storyboard; sourceTree = "<group>"; };
		A171E18418C6D186003113ED /* Images.xcassets */ = {isa = PBXFileReference; lastKnownFileType = folder.assetcatalog; path = Images.xcassets; sourceTree = "<group>"; };
		A171E18A18C6D186003113ED /* MalmooTests.xctest */ = {isa = PBXFileReference; explicitFileType = wrapper.cfbundle; includeInIndex = 0; path = MalmooTests.xctest; sourceTree = BUILT_PRODUCTS_DIR; };
		A171E19318C6D186003113ED /* MalmooTests-Info.plist */ = {isa = PBXFileReference; lastKnownFileType = text.plist.xml; path = "MalmooTests-Info.plist"; sourceTree = "<group>"; };
		A171E19518C6D186003113ED /* en */ = {isa = PBXFileReference; lastKnownFileType = text.plist.strings; name = en; path = en.lproj/InfoPlist.strings; sourceTree = "<group>"; };
		A171E19718C6D186003113ED /* MalmooTests.m */ = {isa = PBXFileReference; lastKnownFileType = sourcecode.c.objc; path = MalmooTests.m; sourceTree = "<group>"; };
		A1738D7318D6927F00FBFDFC /* TSDetailController.h */ = {isa = PBXFileReference; fileEncoding = 4; lastKnownFileType = sourcecode.c.h; path = TSDetailController.h; sourceTree = "<group>"; };
		A1738D7418D6927F00FBFDFC /* TSDetailController.m */ = {isa = PBXFileReference; fileEncoding = 4; lastKnownFileType = sourcecode.c.objc; path = TSDetailController.m; sourceTree = "<group>"; };
		A178486E18F13995005B05F1 /* Cell.h */ = {isa = PBXFileReference; fileEncoding = 4; lastKnownFileType = sourcecode.c.h; path = Cell.h; sourceTree = "<group>"; };
		A178486F18F13995005B05F1 /* Cell.m */ = {isa = PBXFileReference; fileEncoding = 4; lastKnownFileType = sourcecode.c.objc; path = Cell.m; sourceTree = "<group>"; };
		A178487018F13995005B05F1 /* Cell.xib */ = {isa = PBXFileReference; fileEncoding = 4; lastKnownFileType = file.xib; path = Cell.xib; sourceTree = "<group>"; };
		A178487118F13995005B05F1 /* FolderCoverView.h */ = {isa = PBXFileReference; fileEncoding = 4; lastKnownFileType = sourcecode.c.h; path = FolderCoverView.h; sourceTree = "<group>"; };
		A178487218F13995005B05F1 /* FolderCoverView.m */ = {isa = PBXFileReference; fileEncoding = 4; lastKnownFileType = sourcecode.c.objc; path = FolderCoverView.m; sourceTree = "<group>"; };
		A178487318F13995005B05F1 /* UIFolderTableView.h */ = {isa = PBXFileReference; fileEncoding = 4; lastKnownFileType = sourcecode.c.h; path = UIFolderTableView.h; sourceTree = "<group>"; };
		A178487418F13995005B05F1 /* UIFolderTableView.m */ = {isa = PBXFileReference; fileEncoding = 4; lastKnownFileType = sourcecode.c.objc; path = UIFolderTableView.m; sourceTree = "<group>"; };
		A178487518F13995005B05F1 /* UIView+screenshot.h */ = {isa = PBXFileReference; fileEncoding = 4; lastKnownFileType = sourcecode.c.h; path = "UIView+screenshot.h"; sourceTree = "<group>"; };
		A178487618F13995005B05F1 /* UIView+screenshot.m */ = {isa = PBXFileReference; fileEncoding = 4; lastKnownFileType = sourcecode.c.objc; path = "UIView+screenshot.m"; sourceTree = "<group>"; };
		A178487D18F13A39005B05F1 /* SubCateViewController.h */ = {isa = PBXFileReference; fileEncoding = 4; lastKnownFileType = sourcecode.c.h; path = SubCateViewController.h; sourceTree = "<group>"; };
		A178487E18F13A39005B05F1 /* SubCateViewController.m */ = {isa = PBXFileReference; fileEncoding = 4; lastKnownFileType = sourcecode.c.objc; path = SubCateViewController.m; sourceTree = "<group>"; };
		A178487F18F13A39005B05F1 /* SubCateViewController.xib */ = {isa = PBXFileReference; fileEncoding = 4; lastKnownFileType = file.xib; path = SubCateViewController.xib; sourceTree = "<group>"; };
		A17EB9691AC7E12800A40309 /* TSCheckinController.h */ = {isa = PBXFileReference; fileEncoding = 4; lastKnownFileType = sourcecode.c.h; path = TSCheckinController.h; sourceTree = "<group>"; };
		A17EB96A1AC7E12800A40309 /* TSCheckinController.m */ = {isa = PBXFileReference; fileEncoding = 4; lastKnownFileType = sourcecode.c.objc; path = TSCheckinController.m; sourceTree = "<group>"; };
		A17EB96D1AC8396800A40309 /* Checkin.storyboard */ = {isa = PBXFileReference; fileEncoding = 4; lastKnownFileType = file.storyboard; path = Checkin.storyboard; sourceTree = "<group>"; };
		A1830B5318DB4D540053DE81 /* TSMapController.h */ = {isa = PBXFileReference; fileEncoding = 4; lastKnownFileType = sourcecode.c.h; path = TSMapController.h; sourceTree = "<group>"; };
		A1830B5418DB4D540053DE81 /* TSMapController.m */ = {isa = PBXFileReference; fileEncoding = 4; lastKnownFileType = sourcecode.c.objc; path = TSMapController.m; sourceTree = "<group>"; };
		A1830B5618DB4DF40053DE81 /* MapKit.framework */ = {isa = PBXFileReference; lastKnownFileType = wrapper.framework; name = MapKit.framework; path = System/Library/Frameworks/MapKit.framework; sourceTree = SDKROOT; };
		A1830B5818DB4E4C0053DE81 /* JDSideMenu.h */ = {isa = PBXFileReference; fileEncoding = 4; lastKnownFileType = sourcecode.c.h; path = JDSideMenu.h; sourceTree = "<group>"; };
		A1830B5918DB4E4C0053DE81 /* JDSideMenu.m */ = {isa = PBXFileReference; fileEncoding = 4; lastKnownFileType = sourcecode.c.objc; path = JDSideMenu.m; sourceTree = "<group>"; };
		A1830B5A18DB4E4C0053DE81 /* UIViewController+JDSideMenu.h */ = {isa = PBXFileReference; fileEncoding = 4; lastKnownFileType = sourcecode.c.h; path = "UIViewController+JDSideMenu.h"; sourceTree = "<group>"; };
		A1830B5B18DB4E4C0053DE81 /* UIViewController+JDSideMenu.m */ = {isa = PBXFileReference; fileEncoding = 4; lastKnownFileType = sourcecode.c.objc; path = "UIViewController+JDSideMenu.m"; sourceTree = "<group>"; };
		A1830B5F18DB4F530053DE81 /* JDMenuViewController.h */ = {isa = PBXFileReference; fileEncoding = 4; lastKnownFileType = sourcecode.c.h; path = JDMenuViewController.h; sourceTree = "<group>"; };
		A1830B6018DB4F530053DE81 /* JDMenuViewController.m */ = {isa = PBXFileReference; fileEncoding = 4; lastKnownFileType = sourcecode.c.objc; path = JDMenuViewController.m; sourceTree = "<group>"; };
		A1830B6818DB5C460053DE81 /* TSMoreController.h */ = {isa = PBXFileReference; fileEncoding = 4; lastKnownFileType = sourcecode.c.h; path = TSMoreController.h; sourceTree = "<group>"; };
		A1830B6918DB5C460053DE81 /* TSMoreController.m */ = {isa = PBXFileReference; fileEncoding = 4; lastKnownFileType = sourcecode.c.objc; path = TSMoreController.m; sourceTree = "<group>"; };
		A1830B6B18DB604E0053DE81 /* TSCategoryController.h */ = {isa = PBXFileReference; fileEncoding = 4; lastKnownFileType = sourcecode.c.h; path = TSCategoryController.h; sourceTree = "<group>"; };
		A1830B6C18DB604E0053DE81 /* TSCategoryController.m */ = {isa = PBXFileReference; fileEncoding = 4; lastKnownFileType = sourcecode.c.objc; path = TSCategoryController.m; sourceTree = "<group>"; };
		A1830BA118DBF5340053DE81 /* TSPlaceMark.h */ = {isa = PBXFileReference; fileEncoding = 4; lastKnownFileType = sourcecode.c.h; path = TSPlaceMark.h; sourceTree = "<group>"; };
		A1830BA218DBF5340053DE81 /* TSPlaceMark.m */ = {isa = PBXFileReference; fileEncoding = 4; lastKnownFileType = sourcecode.c.objc; path = TSPlaceMark.m; sourceTree = "<group>"; };
		A18AA9571A13BA7F00D931E6 /* TSMutiLanguageMenuController.h */ = {isa = PBXFileReference; fileEncoding = 4; lastKnownFileType = sourcecode.c.h; path = TSMutiLanguageMenuController.h; sourceTree = "<group>"; };
		A18AA9581A13BA7F00D931E6 /* TSMutiLanguageMenuController.m */ = {isa = PBXFileReference; fileEncoding = 4; lastKnownFileType = sourcecode.c.objc; path = TSMutiLanguageMenuController.m; sourceTree = "<group>"; };
		A1A4B7921A219A9200B0D1A8 /* TSFeedbackController.h */ = {isa = PBXFileReference; fileEncoding = 4; lastKnownFileType = sourcecode.c.h; path = TSFeedbackController.h; sourceTree = "<group>"; };
		A1A4B7931A219A9200B0D1A8 /* TSFeedbackController.m */ = {isa = PBXFileReference; fileEncoding = 4; lastKnownFileType = sourcecode.c.objc; path = TSFeedbackController.m; sourceTree = "<group>"; };
		A1AE450A19EF75C4004B328B /* TSLoginController.h */ = {isa = PBXFileReference; fileEncoding = 4; lastKnownFileType = sourcecode.c.h; path = TSLoginController.h; sourceTree = "<group>"; };
		A1AE450B19EF75C4004B328B /* TSLoginController.m */ = {isa = PBXFileReference; fileEncoding = 4; lastKnownFileType = sourcecode.c.objc; path = TSLoginController.m; sourceTree = "<group>"; };
		A1AE450E19EF7657004B328B /* TSSignupController.h */ = {isa = PBXFileReference; fileEncoding = 4; lastKnownFileType = sourcecode.c.h; path = TSSignupController.h; sourceTree = "<group>"; };
		A1AE450F19EF7657004B328B /* TSSignupController.m */ = {isa = PBXFileReference; fileEncoding = 4; lastKnownFileType = sourcecode.c.objc; path = TSSignupController.m; sourceTree = "<group>"; };
		A1AF39701A199A3F006F26F5 /* sv */ = {isa = PBXFileReference; lastKnownFileType = text.plist.strings; name = sv; path = sv.lproj/InfoPlist.strings; sourceTree = "<group>"; };
		A1AF39761A19ACA6006F26F5 /* Base */ = {isa = PBXFileReference; lastKnownFileType = file.storyboard; name = Base; path = Base.lproj/Account.storyboard; sourceTree = "<group>"; };
		A1AF39771A19ACFC006F26F5 /* sv */ = {isa = PBXFileReference; lastKnownFileType = text.plist.strings; name = sv; path = sv.lproj/Account.strings; sourceTree = "<group>"; };
		A1BDDDE21998FB830041B0A1 /* TSPhotoCollectionController.h */ = {isa = PBXFileReference; fileEncoding = 4; lastKnownFileType = sourcecode.c.h; name = TSPhotoCollectionController.h; path = ../../../Github/Malmoo/Malmoo/TSPhotoCollectionController.h; sourceTree = "<group>"; };
		A1BDDDE31998FB830041B0A1 /* TSPhotoCollectionController.m */ = {isa = PBXFileReference; fileEncoding = 4; lastKnownFileType = sourcecode.c.objc; name = TSPhotoCollectionController.m; path = ../../../Github/Malmoo/Malmoo/TSPhotoCollectionController.m; sourceTree = "<group>"; };
		A1BDDDF7199917FB0041B0A1 /* TSPhotoCollectionViewCell.h */ = {isa = PBXFileReference; fileEncoding = 4; lastKnownFileType = sourcecode.c.h; path = TSPhotoCollectionViewCell.h; sourceTree = "<group>"; };
		A1BDDDF8199917FB0041B0A1 /* TSPhotoCollectionViewCell.m */ = {isa = PBXFileReference; fileEncoding = 4; lastKnownFileType = sourcecode.c.objc; path = TSPhotoCollectionViewCell.m; sourceTree = "<group>"; };
		A1BDDDFA199A7A150041B0A1 /* TSPhotoGalleryController.h */ = {isa = PBXFileReference; fileEncoding = 4; lastKnownFileType = sourcecode.c.h; path = TSPhotoGalleryController.h; sourceTree = "<group>"; };
		A1BDDDFB199A7A150041B0A1 /* TSPhotoGalleryController.m */ = {isa = PBXFileReference; fileEncoding = 4; lastKnownFileType = sourcecode.c.objc; path = TSPhotoGalleryController.m; sourceTree = "<group>"; };
		A1BDDDFD199A825B0041B0A1 /* MJPhoto.h */ = {isa = PBXFileReference; fileEncoding = 4; lastKnownFileType = sourcecode.c.h; path = MJPhoto.h; sourceTree = "<group>"; };
		A1BDDDFE199A825B0041B0A1 /* MJPhoto.m */ = {isa = PBXFileReference; fileEncoding = 4; lastKnownFileType = sourcecode.c.objc; path = MJPhoto.m; sourceTree = "<group>"; };
		A1BDDDFF199A825B0041B0A1 /* MJPhotoBrowser.bundle */ = {isa = PBXFileReference; lastKnownFileType = "wrapper.plug-in"; path = MJPhotoBrowser.bundle; sourceTree = "<group>"; };
		A1BDDE00199A825B0041B0A1 /* MJPhotoBrowser.h */ = {isa = PBXFileReference; fileEncoding = 4; lastKnownFileType = sourcecode.c.h; path = MJPhotoBrowser.h; sourceTree = "<group>"; };
		A1BDDE01199A825B0041B0A1 /* MJPhotoBrowser.m */ = {isa = PBXFileReference; fileEncoding = 4; lastKnownFileType = sourcecode.c.objc; path = MJPhotoBrowser.m; sourceTree = "<group>"; };
		A1BDDE02199A825B0041B0A1 /* MJPhotoLoadingView.h */ = {isa = PBXFileReference; fileEncoding = 4; lastKnownFileType = sourcecode.c.h; path = MJPhotoLoadingView.h; sourceTree = "<group>"; };
		A1BDDE03199A825B0041B0A1 /* MJPhotoLoadingView.m */ = {isa = PBXFileReference; fileEncoding = 4; lastKnownFileType = sourcecode.c.objc; path = MJPhotoLoadingView.m; sourceTree = "<group>"; };
		A1BDDE04199A825B0041B0A1 /* MJPhotoProgressView.h */ = {isa = PBXFileReference; fileEncoding = 4; lastKnownFileType = sourcecode.c.h; path = MJPhotoProgressView.h; sourceTree = "<group>"; };
		A1BDDE05199A825B0041B0A1 /* MJPhotoProgressView.m */ = {isa = PBXFileReference; fileEncoding = 4; lastKnownFileType = sourcecode.c.objc; path = MJPhotoProgressView.m; sourceTree = "<group>"; };
		A1BDDE06199A825B0041B0A1 /* MJPhotoToolbar.h */ = {isa = PBXFileReference; fileEncoding = 4; lastKnownFileType = sourcecode.c.h; path = MJPhotoToolbar.h; sourceTree = "<group>"; };
		A1BDDE07199A825B0041B0A1 /* MJPhotoToolbar.m */ = {isa = PBXFileReference; fileEncoding = 4; lastKnownFileType = sourcecode.c.objc; path = MJPhotoToolbar.m; sourceTree = "<group>"; };
		A1BDDE08199A825B0041B0A1 /* MJPhotoView.h */ = {isa = PBXFileReference; fileEncoding = 4; lastKnownFileType = sourcecode.c.h; path = MJPhotoView.h; sourceTree = "<group>"; };
		A1BDDE09199A825B0041B0A1 /* MJPhotoView.m */ = {isa = PBXFileReference; fileEncoding = 4; lastKnownFileType = sourcecode.c.objc; path = MJPhotoView.m; sourceTree = "<group>"; };
		A1C8EAD01A139EFB006AE0B3 /* SVProgressHUD.h */ = {isa = PBXFileReference; fileEncoding = 4; lastKnownFileType = sourcecode.c.h; path = SVProgressHUD.h; sourceTree = "<group>"; };
		A1C8EAD11A139EFB006AE0B3 /* SVProgressHUD.m */ = {isa = PBXFileReference; fileEncoding = 4; lastKnownFileType = sourcecode.c.objc; path = SVProgressHUD.m; sourceTree = "<group>"; };
		A1C8EAD21A139EFB006AE0B3 /* SVProgressHUD.bundle */ = {isa = PBXFileReference; lastKnownFileType = "wrapper.plug-in"; path = SVProgressHUD.bundle; sourceTree = "<group>"; };
		A1C8EAD51A13A631006AE0B3 /* AVFoundation.framework */ = {isa = PBXFileReference; lastKnownFileType = wrapper.framework; name = AVFoundation.framework; path = System/Library/Frameworks/AVFoundation.framework; sourceTree = SDKROOT; };
		A1C8EAD71A13A63D006AE0B3 /* CoreMedia.framework */ = {isa = PBXFileReference; lastKnownFileType = wrapper.framework; name = CoreMedia.framework; path = System/Library/Frameworks/CoreMedia.framework; sourceTree = SDKROOT; };
		A1C8EAD91A13A647006AE0B3 /* CoreVideo.framework */ = {isa = PBXFileReference; lastKnownFileType = wrapper.framework; name = CoreVideo.framework; path = System/Library/Frameworks/CoreVideo.framework; sourceTree = SDKROOT; };
		A1C8EADB1A13A657006AE0B3 /* QuartzCore.framework */ = {isa = PBXFileReference; lastKnownFileType = wrapper.framework; name = QuartzCore.framework; path = System/Library/Frameworks/QuartzCore.framework; sourceTree = SDKROOT; };
		A1C8EADD1A13A670006AE0B3 /* libiconv.dylib */ = {isa = PBXFileReference; lastKnownFileType = "compiled.mach-o.dylib"; name = libiconv.dylib; path = usr/lib/libiconv.dylib; sourceTree = SDKROOT; };
		A1C8EAE01A13A6BA006AE0B3 /* ZbarScannerController.h */ = {isa = PBXFileReference; fileEncoding = 4; lastKnownFileType = sourcecode.c.h; path = ZbarScannerController.h; sourceTree = "<group>"; };
		A1C8EAE11A13A6BA006AE0B3 /* ZbarScannerController.m */ = {isa = PBXFileReference; fileEncoding = 4; lastKnownFileType = sourcecode.c.objc; path = ZbarScannerController.m; sourceTree = "<group>"; };
		A1D3B2E919EC4CCC00B45FFE /* CoreLocation.framework */ = {isa = PBXFileReference; lastKnownFileType = wrapper.framework; name = CoreLocation.framework; path = System/Library/Frameworks/CoreLocation.framework; sourceTree = SDKROOT; };
		A1DB3FE71B7C428600702674 /* sv */ = {isa = PBXFileReference; lastKnownFileType = text.plist.strings; name = sv; path = sv.lproj/Main.strings; sourceTree = "<group>"; };
		A1DB3FEB1B7C473000702674 /* Base */ = {isa = PBXFileReference; lastKnownFileType = file.xib; name = Base; path = Base.lproj/TSDetailControllerView.xib; sourceTree = "<group>"; };
		A1DB3FEC1B7C473400702674 /* sv */ = {isa = PBXFileReference; lastKnownFileType = text.plist.strings; name = sv; path = sv.lproj/TSDetailControllerView.strings; sourceTree = "<group>"; };
		A1DB3FEE1B7C496200702674 /* sv */ = {isa = PBXFileReference; lastKnownFileType = text.plist.strings; name = sv; path = sv.lproj/JDMenuViewController.strings; sourceTree = "<group>"; };
		A1E7D7E01A1DE0D900211132 /* Base */ = {isa = PBXFileReference; lastKnownFileType = file.storyboard; name = Base; path = Base.lproj/MutiLanguage.storyboard; sourceTree = "<group>"; };
		A1E7D7E31A1DE0F000211132 /* sv */ = {isa = PBXFileReference; lastKnownFileType = text.plist.strings; name = sv; path = sv.lproj/MutiLanguage.strings; sourceTree = "<group>"; };
		A1E7D7EB1A1DE72500211132 /* Base */ = {isa = PBXFileReference; lastKnownFileType = text.plist.strings; name = Base; path = Base.lproj/Localizable.strings; sourceTree = "<group>"; };
		A1E7D7EC1A1DE8CC00211132 /* sv */ = {isa = PBXFileReference; lastKnownFileType = text.plist.strings; name = sv; path = sv.lproj/Localizable.strings; sourceTree = "<group>"; };
		A1E838E518CEAD1C008E6F57 /* FSUtilSettings.h */ = {isa = PBXFileReference; fileEncoding = 4; lastKnownFileType = sourcecode.c.h; name = FSUtilSettings.h; path = MalmooTests/FSUtilSettings.h; sourceTree = SOURCE_ROOT; };
		A1E838E618CEAD1C008E6F57 /* FSUtilSettings.m */ = {isa = PBXFileReference; fileEncoding = 4; lastKnownFileType = sourcecode.c.objc; name = FSUtilSettings.m; path = MalmooTests/FSUtilSettings.m; sourceTree = SOURCE_ROOT; };
		A1E95B38191F1DD6009BE585 /* MJRefresh.bundle */ = {isa = PBXFileReference; lastKnownFileType = "wrapper.plug-in"; path = MJRefresh.bundle; sourceTree = "<group>"; };
		A1E95B39191F1DD6009BE585 /* MJRefresh.h */ = {isa = PBXFileReference; fileEncoding = 4; lastKnownFileType = sourcecode.c.h; path = MJRefresh.h; sourceTree = "<group>"; };
		A1E95B3A191F1DD6009BE585 /* MJRefreshBaseView.h */ = {isa = PBXFileReference; fileEncoding = 4; lastKnownFileType = sourcecode.c.h; path = MJRefreshBaseView.h; sourceTree = "<group>"; };
		A1E95B3B191F1DD6009BE585 /* MJRefreshBaseView.m */ = {isa = PBXFileReference; fileEncoding = 4; lastKnownFileType = sourcecode.c.objc; path = MJRefreshBaseView.m; sourceTree = "<group>"; };
		A1E95B3C191F1DD6009BE585 /* MJRefreshConst.h */ = {isa = PBXFileReference; fileEncoding = 4; lastKnownFileType = sourcecode.c.h; path = MJRefreshConst.h; sourceTree = "<group>"; };
		A1E95B3D191F1DD6009BE585 /* MJRefreshConst.m */ = {isa = PBXFileReference; fileEncoding = 4; lastKnownFileType = sourcecode.c.objc; path = MJRefreshConst.m; sourceTree = "<group>"; };
		A1E95B3E191F1DD6009BE585 /* MJRefreshFooterView.h */ = {isa = PBXFileReference; fileEncoding = 4; lastKnownFileType = sourcecode.c.h; path = MJRefreshFooterView.h; sourceTree = "<group>"; };
		A1E95B3F191F1DD6009BE585 /* MJRefreshFooterView.m */ = {isa = PBXFileReference; fileEncoding = 4; lastKnownFileType = sourcecode.c.objc; path = MJRefreshFooterView.m; sourceTree = "<group>"; };
		A1E95B40191F1DD6009BE585 /* MJRefreshHeaderView.h */ = {isa = PBXFileReference; fileEncoding = 4; lastKnownFileType = sourcecode.c.h; path = MJRefreshHeaderView.h; sourceTree = "<group>"; };
		A1E95B41191F1DD6009BE585 /* MJRefreshHeaderView.m */ = {isa = PBXFileReference; fileEncoding = 4; lastKnownFileType = sourcecode.c.objc; path = MJRefreshHeaderView.m; sourceTree = "<group>"; };
		A1FD808019AC1D2200379334 /* TSDetailControllerView.h */ = {isa = PBXFileReference; fileEncoding = 4; lastKnownFileType = sourcecode.c.h; path = TSDetailControllerView.h; sourceTree = "<group>"; };
		A1FD808119AC1D2200379334 /* TSDetailControllerView.m */ = {isa = PBXFileReference; fileEncoding = 4; lastKnownFileType = sourcecode.c.objc; path = TSDetailControllerView.m; sourceTree = "<group>"; };
		D6A904064D304A8089D525CC /* libPods.a */ = {isa = PBXFileReference; explicitFileType = archive.ar; includeInIndex = 0; path = libPods.a; sourceTree = BUILT_PRODUCTS_DIR; };
		FF89101AFEB4DB39043D668B /* Pods.release.xcconfig */ = {isa = PBXFileReference; includeInIndex = 1; lastKnownFileType = text.xcconfig; name = Pods.release.xcconfig; path = "Pods/Target Support Files/Pods/Pods.release.xcconfig"; sourceTree = "<group>"; };
/* End PBXFileReference section */

/* Begin PBXFrameworksBuildPhase section */
		A171E16618C6D186003113ED /* Frameworks */ = {
			isa = PBXFrameworksBuildPhase;
			buildActionMask = 2147483647;
			files = (
				A1C8EADE1A13A670006AE0B3 /* libiconv.dylib in Frameworks */,
				A1C8EADC1A13A657006AE0B3 /* QuartzCore.framework in Frameworks */,
				A1C8EADA1A13A647006AE0B3 /* CoreVideo.framework in Frameworks */,
				A1C8EAD81A13A63D006AE0B3 /* CoreMedia.framework in Frameworks */,
				A1C8EAD61A13A631006AE0B3 /* AVFoundation.framework in Frameworks */,
				A171E16F18C6D186003113ED /* CoreGraphics.framework in Frameworks */,
				A171E17118C6D186003113ED /* UIKit.framework in Frameworks */,
				A171E16D18C6D186003113ED /* Foundation.framework in Frameworks */,
				0E87A8CFEBA94058AA2AF1E7 /* libPods.a in Frameworks */,
			);
			runOnlyForDeploymentPostprocessing = 0;
		};
		A171E18718C6D186003113ED /* Frameworks */ = {
			isa = PBXFrameworksBuildPhase;
			buildActionMask = 2147483647;
			files = (
				A171E18E18C6D186003113ED /* UIKit.framework in Frameworks */,
				A171E18D18C6D186003113ED /* Foundation.framework in Frameworks */,
			);
			runOnlyForDeploymentPostprocessing = 0;
		};
/* End PBXFrameworksBuildPhase section */

/* Begin PBXGroup section */
		4C3821AB03AA4623FDDB855A /* Pods */ = {
			isa = PBXGroup;
			children = (
				34EAEA7E621DAEAD9CFFC1A1 /* Pods.debug.xcconfig */,
				FF89101AFEB4DB39043D668B /* Pods.release.xcconfig */,
			);
			name = Pods;
			sourceTree = "<group>";
		};
		A10A4BB119A9F7010011E5A1 /* BTGlassScrollView */ = {
			isa = PBXGroup;
			children = (
				A10A4BAB19A9F6F90011E5A1 /* BTGlassScrollView.h */,
				A10A4BAC19A9F6F90011E5A1 /* BTGlassScrollView.m */,
				A10A4BAD19A9F6F90011E5A1 /* UIImage+ImageEffects.h */,
				A10A4BAE19A9F6F90011E5A1 /* UIImage+ImageEffects.m */,
			);
			name = BTGlassScrollView;
			sourceTree = "<group>";
		};
		A10BC27718D05C48002999F6 /* YSpinKitView */ = {
			isa = PBXGroup;
			children = (
				A10BC27418D05C40002999F6 /* YSpinKitView.h */,
				A10BC27518D05C40002999F6 /* YSpinKitView.m */,
			);
			name = YSpinKitView;
			sourceTree = "<group>";
		};
		A10BC27B18D071CE002999F6 /* Model */ = {
			isa = PBXGroup;
			children = (
				A10BC27818D0713B002999F6 /* TSPlace.h */,
				A10BC27918D0713B002999F6 /* TSPlace.m */,
				A15FC10E1A2D4A7300AE708C /* TSMenu.h */,
				A15FC10F1A2D4A7300AE708C /* TSMenu.m */,
				A14F0A751B719203000469D8 /* TSMembership.h */,
				A14F0A761B719203000469D8 /* TSMembership.m */,
				A1165CB018F69D8300213808 /* TSPlaceCategory.h */,
				A1165CB118F69D8300213808 /* TSPlaceCategory.m */,
			);
			name = Model;
			sourceTree = "<group>";
		};
		A10EDCA718D07F980048EA02 /* View */ = {
			isa = PBXGroup;
			children = (
				A10EDCA418D07F940048EA02 /* TSMainCell.h */,
				A10EDCA518D07F940048EA02 /* TSMainCell.m */,
				A1830BA118DBF5340053DE81 /* TSPlaceMark.h */,
				A1830BA218DBF5340053DE81 /* TSPlaceMark.m */,
				A1FD808019AC1D2200379334 /* TSDetailControllerView.h */,
				A1FD808119AC1D2200379334 /* TSDetailControllerView.m */,
				A1DB3FEA1B7C472C00702674 /* TSDetailControllerView.xib */,
				A1BDDDF7199917FB0041B0A1 /* TSPhotoCollectionViewCell.h */,
				A1BDDDF8199917FB0041B0A1 /* TSPhotoCollectionViewCell.m */,
				A15FC10B1A2C0E5800AE708C /* TSMenuCell.h */,
				A15FC10C1A2C0E5800AE708C /* TSMenuCell.m */,
			);
			name = View;
			sourceTree = "<group>";
		};
		A11248601A480BAD006F89A3 /* More */ = {
			isa = PBXGroup;
			children = (
				A14F0A721B710A30000469D8 /* TSMemberController.h */,
				A14F0A731B710A30000469D8 /* TSMemberController.m */,
				A1830B6B18DB604E0053DE81 /* TSCategoryController.h */,
				A1830B6C18DB604E0053DE81 /* TSCategoryController.m */,
				A1830B6818DB5C460053DE81 /* TSMoreController.h */,
				A1830B6918DB5C460053DE81 /* TSMoreController.m */,
				A11316EF191E81E800EC96B6 /* TSPromotionController.h */,
				A11316F0191E81E800EC96B6 /* TSPromotionController.m */,
				A16E678419BEB596005EE27B /* TSSearchController.h */,
				A16E678519BEB596005EE27B /* TSSearchController.m */,
			);
			name = More;
			sourceTree = "<group>";
		};
		A12A9EA81A0FB8470084376C /* MBProgressHUD */ = {
			isa = PBXGroup;
			children = (
				A12A9EA91A0FB8590084376C /* MBProgressHUD.h */,
				A12A9EAA1A0FB8590084376C /* MBProgressHUD.m */,
			);
			name = MBProgressHUD;
			sourceTree = "<group>";
		};
		A150B79C1A1111560044A1BE /* SVProgressHUD */ = {
			isa = PBXGroup;
			children = (
				A1C8EAD01A139EFB006AE0B3 /* SVProgressHUD.h */,
				A1C8EAD11A139EFB006AE0B3 /* SVProgressHUD.m */,
				A1C8EAD21A139EFB006AE0B3 /* SVProgressHUD.bundle */,
			);
			name = SVProgressHUD;
			sourceTree = "<group>";
		};
		A154547019E94F3B0032AE03 /* UIImageHelper */ = {
			isa = PBXGroup;
			children = (
				A154546719E94F290032AE03 /* UIImage+UIImageExt.h */,
				A154546819E94F290032AE03 /* UIImage+UIImageExt.m */,
				A154546919E94F290032AE03 /* UIImage+Blend.h */,
				A154546A19E94F290032AE03 /* UIImage+Blend.m */,
				A154546B19E94F290032AE03 /* UIImage+vImage.h */,
				A154546C19E94F290032AE03 /* UIImage+vImage.m */,
			);
			name = UIImageHelper;
			sourceTree = "<group>";
		};
		A169DCA719E46B63003D4846 /* FSTableViewController */ = {
			isa = PBXGroup;
			children = (
				A169DCA419E46B5B003D4846 /* FSTableViewController.h */,
				A169DCA519E46B5B003D4846 /* FSTableViewController.m */,
			);
			name = FSTableViewController;
			sourceTree = "<group>";
		};
		A171E16018C6D186003113ED = {
			isa = PBXGroup;
			children = (
				A171E17218C6D186003113ED /* Malmoo */,
				A171E19118C6D186003113ED /* MalmooTests */,
				A171E16B18C6D186003113ED /* Frameworks */,
				A171E16A18C6D186003113ED /* Products */,
				4C3821AB03AA4623FDDB855A /* Pods */,
			);
			sourceTree = "<group>";
		};
		A171E16A18C6D186003113ED /* Products */ = {
			isa = PBXGroup;
			children = (
				A171E16918C6D186003113ED /* Malmoo.app */,
				A171E18A18C6D186003113ED /* MalmooTests.xctest */,
			);
			name = Products;
			sourceTree = "<group>";
		};
		A171E16B18C6D186003113ED /* Frameworks */ = {
			isa = PBXGroup;
			children = (
				A1C8EADD1A13A670006AE0B3 /* libiconv.dylib */,
				A1C8EADB1A13A657006AE0B3 /* QuartzCore.framework */,
				A1C8EAD91A13A647006AE0B3 /* CoreVideo.framework */,
				A1C8EAD71A13A63D006AE0B3 /* CoreMedia.framework */,
				A1C8EAD51A13A631006AE0B3 /* AVFoundation.framework */,
				A1D3B2E919EC4CCC00B45FFE /* CoreLocation.framework */,
				A1830B5618DB4DF40053DE81 /* MapKit.framework */,
				A171E16C18C6D186003113ED /* Foundation.framework */,
				A171E16E18C6D186003113ED /* CoreGraphics.framework */,
				A171E17018C6D186003113ED /* UIKit.framework */,
				D6A904064D304A8089D525CC /* libPods.a */,
			);
			name = Frameworks;
			sourceTree = "<group>";
		};
		A171E17218C6D186003113ED /* Malmoo */ = {
			isa = PBXGroup;
			children = (
				A171E17B18C6D186003113ED /* AppDelegate.h */,
				A171E17C18C6D186003113ED /* AppDelegate.m */,
				A1E838E518CEAD1C008E6F57 /* FSUtilSettings.h */,
				A1E838E618CEAD1C008E6F57 /* FSUtilSettings.m */,
				A171E17E18C6D186003113ED /* Main.storyboard */,
				A1AF39731A19AC91006F26F5 /* Account.storyboard */,
				A17EB96D1AC8396800A40309 /* Checkin.storyboard */,
				A1E7D7DF1A1DE0D300211132 /* MutiLanguage.storyboard */,
				A171E18418C6D186003113ED /* Images.xcassets */,
				A1BDDDE71998FBC30041B0A1 /* Controller */,
				A10EDCA718D07F980048EA02 /* View */,
				A10BC27B18D071CE002999F6 /* Model */,
				A1E838E918CEAD38008E6F57 /* Vender */,
				A171E17318C6D186003113ED /* Supporting Files */,
			);
			path = Malmoo;
			sourceTree = "<group>";
		};
		A171E17318C6D186003113ED /* Supporting Files */ = {
			isa = PBXGroup;
			children = (
				A1E7D7EA1A1DE63900211132 /* Localizable.strings */,
				A171E17418C6D186003113ED /* Malmoo-Info.plist */,
				A171E17518C6D186003113ED /* InfoPlist.strings */,
				A171E17818C6D186003113ED /* main.m */,
				A171E17A18C6D186003113ED /* Malmoo-Prefix.pch */,
			);
			name = "Supporting Files";
			sourceTree = "<group>";
		};
		A171E19118C6D186003113ED /* MalmooTests */ = {
			isa = PBXGroup;
			children = (
				A171E19718C6D186003113ED /* MalmooTests.m */,
				A171E19218C6D186003113ED /* Supporting Files */,
			);
			path = MalmooTests;
			sourceTree = "<group>";
		};
		A171E19218C6D186003113ED /* Supporting Files */ = {
			isa = PBXGroup;
			children = (
				A171E19318C6D186003113ED /* MalmooTests-Info.plist */,
				A171E19418C6D186003113ED /* InfoPlist.strings */,
			);
			name = "Supporting Files";
			sourceTree = "<group>";
		};
		A178487C18F139AF005B05F1 /* ExpandTableViewCell */ = {
			isa = PBXGroup;
			children = (
				A178486E18F13995005B05F1 /* Cell.h */,
				A178486F18F13995005B05F1 /* Cell.m */,
				A178487018F13995005B05F1 /* Cell.xib */,
				A178487118F13995005B05F1 /* FolderCoverView.h */,
				A178487218F13995005B05F1 /* FolderCoverView.m */,
				A178487318F13995005B05F1 /* UIFolderTableView.h */,
				A178487418F13995005B05F1 /* UIFolderTableView.m */,
				A178487518F13995005B05F1 /* UIView+screenshot.h */,
				A178487618F13995005B05F1 /* UIView+screenshot.m */,
				A178487D18F13A39005B05F1 /* SubCateViewController.h */,
				A178487E18F13A39005B05F1 /* SubCateViewController.m */,
				A178487F18F13A39005B05F1 /* SubCateViewController.xib */,
			);
			name = ExpandTableViewCell;
			sourceTree = "<group>";
		};
		A17EB96C1AC7E13500A40309 /* CheckIn */ = {
			isa = PBXGroup;
			children = (
				A17EB9691AC7E12800A40309 /* TSCheckinController.h */,
				A17EB96A1AC7E12800A40309 /* TSCheckinController.m */,
			);
			name = CheckIn;
			sourceTree = "<group>";
		};
		A1830B5E18DB4E580053DE81 /* JDSideMenu */ = {
			isa = PBXGroup;
			children = (
				A1830B5818DB4E4C0053DE81 /* JDSideMenu.h */,
				A1830B5918DB4E4C0053DE81 /* JDSideMenu.m */,
				A1830B5A18DB4E4C0053DE81 /* UIViewController+JDSideMenu.h */,
				A1830B5B18DB4E4C0053DE81 /* UIViewController+JDSideMenu.m */,
			);
			name = JDSideMenu;
			sourceTree = "<group>";
		};
		A1830B6418DB4F570053DE81 /* Menu */ = {
			isa = PBXGroup;
			children = (
				A1830B5F18DB4F530053DE81 /* JDMenuViewController.h */,
				A1830B6018DB4F530053DE81 /* JDMenuViewController.m */,
				A1412F681B7AE043009E1FF4 /* JDMenuViewController.xib */,
			);
			name = Menu;
			sourceTree = "<group>";
		};
		A18AA95A1A13BA8300D931E6 /* TSMutiLanguageMenu */ = {
			isa = PBXGroup;
			children = (
				A18AA9571A13BA7F00D931E6 /* TSMutiLanguageMenuController.h */,
				A18AA9581A13BA7F00D931E6 /* TSMutiLanguageMenuController.m */,
			);
			name = TSMutiLanguageMenu;
			sourceTree = "<group>";
		};
		A1AE450D19EF761E004B328B /* Account */ = {
			isa = PBXGroup;
			children = (
				A17EB96C1AC7E13500A40309 /* CheckIn */,
				A12A9EA51A09C2880084376C /* TSGuideController.h */,
				A12A9EA61A09C2880084376C /* TSGuideController.m */,
				A1AE450A19EF75C4004B328B /* TSLoginController.h */,
				A1AE450B19EF75C4004B328B /* TSLoginController.m */,
				A1AE450E19EF7657004B328B /* TSSignupController.h */,
				A1AE450F19EF7657004B328B /* TSSignupController.m */,
				A150B78F1A105B8F0044A1BE /* TSFavoriteController.h */,
				A150B7901A105B8F0044A1BE /* TSFavoriteController.m */,
				A1A4B7921A219A9200B0D1A8 /* TSFeedbackController.h */,
				A1A4B7931A219A9200B0D1A8 /* TSFeedbackController.m */,
			);
			name = Account;
			sourceTree = "<group>";
		};
		A1BDDDE51998FB890041B0A1 /* Detail */ = {
			isa = PBXGroup;
			children = (
				A1738D7318D6927F00FBFDFC /* TSDetailController.h */,
				A1738D7418D6927F00FBFDFC /* TSDetailController.m */,
				A1BDDDE21998FB830041B0A1 /* TSPhotoCollectionController.h */,
				A1BDDDE31998FB830041B0A1 /* TSPhotoCollectionController.m */,
				A1BDDDFA199A7A150041B0A1 /* TSPhotoGalleryController.h */,
				A1BDDDFB199A7A150041B0A1 /* TSPhotoGalleryController.m */,
				A1830B5318DB4D540053DE81 /* TSMapController.h */,
				A1830B5418DB4D540053DE81 /* TSMapController.m */,
				A16E678719BEB5A4005EE27B /* TSDirectionController.h */,
				A16E678819BEB5A4005EE27B /* TSDirectionController.m */,
			);
			name = Detail;
			sourceTree = "<group>";
		};
		A1BDDDE71998FBC30041B0A1 /* Controller */ = {
			isa = PBXGroup;
			children = (
				A10BC25718CF1F97002999F6 /* TSMainController.h */,
				A10BC25818CF1F97002999F6 /* TSMainController.m */,
				A1AE450D19EF761E004B328B /* Account */,
				A1BDDDE51998FB890041B0A1 /* Detail */,
				A18AA95A1A13BA8300D931E6 /* TSMutiLanguageMenu */,
				A11248601A480BAD006F89A3 /* More */,
				A1830B6418DB4F570053DE81 /* Menu */,
			);
			name = Controller;
			sourceTree = "<group>";
		};
		A1BDDE11199A82600041B0A1 /* MJPhotoBrowser */ = {
			isa = PBXGroup;
			children = (
				A1BDDDFD199A825B0041B0A1 /* MJPhoto.h */,
				A1BDDDFE199A825B0041B0A1 /* MJPhoto.m */,
				A1BDDDFF199A825B0041B0A1 /* MJPhotoBrowser.bundle */,
				A1BDDE00199A825B0041B0A1 /* MJPhotoBrowser.h */,
				A1BDDE01199A825B0041B0A1 /* MJPhotoBrowser.m */,
				A1BDDE02199A825B0041B0A1 /* MJPhotoLoadingView.h */,
				A1BDDE03199A825B0041B0A1 /* MJPhotoLoadingView.m */,
				A1BDDE04199A825B0041B0A1 /* MJPhotoProgressView.h */,
				A1BDDE05199A825B0041B0A1 /* MJPhotoProgressView.m */,
				A1BDDE06199A825B0041B0A1 /* MJPhotoToolbar.h */,
				A1BDDE07199A825B0041B0A1 /* MJPhotoToolbar.m */,
				A1BDDE08199A825B0041B0A1 /* MJPhotoView.h */,
				A1BDDE09199A825B0041B0A1 /* MJPhotoView.m */,
			);
			name = MJPhotoBrowser;
			sourceTree = "<group>";
		};
		A1C8EADF1A13A67C006AE0B3 /* ZbarScanner */ = {
			isa = PBXGroup;
			children = (
				A1C8EAE01A13A6BA006AE0B3 /* ZbarScannerController.h */,
				A1C8EAE11A13A6BA006AE0B3 /* ZbarScannerController.m */,
			);
			name = ZbarScanner;
			sourceTree = "<group>";
		};
		A1E838E918CEAD38008E6F57 /* Vender */ = {
			isa = PBXGroup;
			children = (
				A1C8EADF1A13A67C006AE0B3 /* ZbarScanner */,
				A150B79C1A1111560044A1BE /* SVProgressHUD */,
				A12A9EA81A0FB8470084376C /* MBProgressHUD */,
				A154547019E94F3B0032AE03 /* UIImageHelper */,
				A169DCA719E46B63003D4846 /* FSTableViewController */,
				A10A4BB119A9F7010011E5A1 /* BTGlassScrollView */,
				A1BDDE11199A82600041B0A1 /* MJPhotoBrowser */,
				A1E95B47191F1DDC009BE585 /* MJRefresh */,
				A178487C18F139AF005B05F1 /* ExpandTableViewCell */,
				A1830B5E18DB4E580053DE81 /* JDSideMenu */,
				A10BC27718D05C48002999F6 /* YSpinKitView */,
			);
			name = Vender;
			sourceTree = "<group>";
		};
		A1E95B47191F1DDC009BE585 /* MJRefresh */ = {
			isa = PBXGroup;
			children = (
				A1E95B38191F1DD6009BE585 /* MJRefresh.bundle */,
				A1E95B39191F1DD6009BE585 /* MJRefresh.h */,
				A1E95B3A191F1DD6009BE585 /* MJRefreshBaseView.h */,
				A1E95B3B191F1DD6009BE585 /* MJRefreshBaseView.m */,
				A1E95B3C191F1DD6009BE585 /* MJRefreshConst.h */,
				A1E95B3D191F1DD6009BE585 /* MJRefreshConst.m */,
				A1E95B3E191F1DD6009BE585 /* MJRefreshFooterView.h */,
				A1E95B3F191F1DD6009BE585 /* MJRefreshFooterView.m */,
				A1E95B40191F1DD6009BE585 /* MJRefreshHeaderView.h */,
				A1E95B41191F1DD6009BE585 /* MJRefreshHeaderView.m */,
			);
			name = MJRefresh;
			sourceTree = "<group>";
		};
/* End PBXGroup section */

/* Begin PBXNativeTarget section */
		A171E16818C6D186003113ED /* Malmoo */ = {
			isa = PBXNativeTarget;
			buildConfigurationList = A171E19B18C6D186003113ED /* Build configuration list for PBXNativeTarget "Malmoo" */;
			buildPhases = (
				6DD79FFC2EE24BECBE614A3D /* Check Pods Manifest.lock */,
				A171E16518C6D186003113ED /* Sources */,
				A171E16618C6D186003113ED /* Frameworks */,
				A171E16718C6D186003113ED /* Resources */,
				AFFCF9C9F5A840A082B32ADB /* Copy Pods Resources */,
			);
			buildRules = (
			);
			dependencies = (
			);
			name = Malmoo;
			productName = Malmoo;
			productReference = A171E16918C6D186003113ED /* Malmoo.app */;
			productType = "com.apple.product-type.application";
		};
		A171E18918C6D186003113ED /* MalmooTests */ = {
			isa = PBXNativeTarget;
			buildConfigurationList = A171E19E18C6D186003113ED /* Build configuration list for PBXNativeTarget "MalmooTests" */;
			buildPhases = (
				A171E18618C6D186003113ED /* Sources */,
				A171E18718C6D186003113ED /* Frameworks */,
				A171E18818C6D186003113ED /* Resources */,
			);
			buildRules = (
			);
			dependencies = (
				A171E19018C6D186003113ED /* PBXTargetDependency */,
			);
			name = MalmooTests;
			productName = MalmooTests;
			productReference = A171E18A18C6D186003113ED /* MalmooTests.xctest */;
			productType = "com.apple.product-type.bundle.unit-test";
		};
/* End PBXNativeTarget section */

/* Begin PBXProject section */
		A171E16118C6D186003113ED /* Project object */ = {
			isa = PBXProject;
			attributes = {
				LastUpgradeCheck = 0600;
				ORGANIZATIONNAME = Folse;
				TargetAttributes = {
					A171E16818C6D186003113ED = {
						DevelopmentTeam = V68CP8VT5Z;
					};
					A171E18918C6D186003113ED = {
						TestTargetID = A171E16818C6D186003113ED;
					};
				};
			};
			buildConfigurationList = A171E16418C6D186003113ED /* Build configuration list for PBXProject "Malmoo" */;
			compatibilityVersion = "Xcode 3.2";
			developmentRegion = English;
			hasScannedForEncodings = 0;
			knownRegions = (
				en,
				Base,
				sv,
			);
			mainGroup = A171E16018C6D186003113ED;
			productRefGroup = A171E16A18C6D186003113ED /* Products */;
			projectDirPath = "";
			projectRoot = "";
			targets = (
				A171E16818C6D186003113ED /* Malmoo */,
				A171E18918C6D186003113ED /* MalmooTests */,
			);
		};
/* End PBXProject section */

/* Begin PBXResourcesBuildPhase section */
		A171E16718C6D186003113ED /* Resources */ = {
			isa = PBXResourcesBuildPhase;
			buildActionMask = 2147483647;
			files = (
				A171E18518C6D186003113ED /* Images.xcassets in Resources */,
				A178487818F13995005B05F1 /* Cell.xib in Resources */,
				A17EB96E1AC8396800A40309 /* Checkin.storyboard in Resources */,
				A1BDDE0B199A825B0041B0A1 /* MJPhotoBrowser.bundle in Resources */,
				A1DB3FE81B7C472C00702674 /* TSDetailControllerView.xib in Resources */,
				A1AF39711A19AC91006F26F5 /* Account.storyboard in Resources */,
				A1E95B42191F1DD6009BE585 /* MJRefresh.bundle in Resources */,
				A178488118F13A39005B05F1 /* SubCateViewController.xib in Resources */,
				A171E17718C6D186003113ED /* InfoPlist.strings in Resources */,
				A171E18018C6D186003113ED /* Main.storyboard in Resources */,
				A1E7D7DD1A1DE0D300211132 /* MutiLanguage.storyboard in Resources */,
				A1412F661B7AE043009E1FF4 /* JDMenuViewController.xib in Resources */,
				A1E7D7E81A1DE63900211132 /* Localizable.strings in Resources */,
				A1C8EAD41A139EFB006AE0B3 /* SVProgressHUD.bundle in Resources */,
			);
			runOnlyForDeploymentPostprocessing = 0;
		};
		A171E18818C6D186003113ED /* Resources */ = {
			isa = PBXResourcesBuildPhase;
			buildActionMask = 2147483647;
			files = (
				A171E19618C6D186003113ED /* InfoPlist.strings in Resources */,
			);
			runOnlyForDeploymentPostprocessing = 0;
		};
/* End PBXResourcesBuildPhase section */

/* Begin PBXShellScriptBuildPhase section */
		6DD79FFC2EE24BECBE614A3D /* Check Pods Manifest.lock */ = {
			isa = PBXShellScriptBuildPhase;
			buildActionMask = 2147483647;
			files = (
			);
			inputPaths = (
			);
			name = "Check Pods Manifest.lock";
			outputPaths = (
			);
			runOnlyForDeploymentPostprocessing = 0;
			shellPath = /bin/sh;
			shellScript = "diff \"${PODS_ROOT}/../Podfile.lock\" \"${PODS_ROOT}/Manifest.lock\" > /dev/null\nif [[ $? != 0 ]] ; then\n    cat << EOM\nerror: The sandbox is not in sync with the Podfile.lock. Run 'pod install' or update your CocoaPods installation.\nEOM\n    exit 1\nfi\n";
			showEnvVarsInLog = 0;
		};
		AFFCF9C9F5A840A082B32ADB /* Copy Pods Resources */ = {
			isa = PBXShellScriptBuildPhase;
			buildActionMask = 2147483647;
			files = (
			);
			inputPaths = (
			);
			name = "Copy Pods Resources";
			outputPaths = (
			);
			runOnlyForDeploymentPostprocessing = 0;
			shellPath = /bin/sh;
			shellScript = "\"${SRCROOT}/Pods/Target Support Files/Pods/Pods-resources.sh\"\n";
			showEnvVarsInLog = 0;
		};
/* End PBXShellScriptBuildPhase section */

/* Begin PBXSourcesBuildPhase section */
		A171E16518C6D186003113ED /* Sources */ = {
			isa = PBXSourcesBuildPhase;
			buildActionMask = 2147483647;
			files = (
				A17EB96B1AC7E12800A40309 /* TSCheckinController.m in Sources */,
				A108B50618DC81D1004DDA65 /* FSUtilSettings.m in Sources */,
				A10BC27A18D0713B002999F6 /* TSPlace.m in Sources */,
				A15FC1101A2D4A7300AE708C /* TSMenu.m in Sources */,
				A1830B6218DB4F530053DE81 /* JDMenuViewController.m in Sources */,
				A12A9EA71A09C2880084376C /* TSGuideController.m in Sources */,
				A171E17D18C6D186003113ED /* AppDelegate.m in Sources */,
				A1C8EAD31A139EFB006AE0B3 /* SVProgressHUD.m in Sources */,
				A154546E19E94F290032AE03 /* UIImage+Blend.m in Sources */,
				A12A9EAB1A0FB8590084376C /* MBProgressHUD.m in Sources */,
				A10A4BB019A9F6F90011E5A1 /* UIImage+ImageEffects.m in Sources */,
				A1BDDE10199A825B0041B0A1 /* MJPhotoView.m in Sources */,
				A16E678619BEB596005EE27B /* TSSearchController.m in Sources */,
				A1FD808219AC1D2200379334 /* TSDetailControllerView.m in Sources */,
				A16E678919BEB5A4005EE27B /* TSDirectionController.m in Sources */,
				A1E95B44191F1DD6009BE585 /* MJRefreshConst.m in Sources */,
				A1830B5518DB4D540053DE81 /* TSMapController.m in Sources */,
				A1E95B46191F1DD6009BE585 /* MJRefreshHeaderView.m in Sources */,
				A1BDDE0A199A825B0041B0A1 /* MJPhoto.m in Sources */,
				A1E95B43191F1DD6009BE585 /* MJRefreshBaseView.m in Sources */,
				A1738D7518D6927F00FBFDFC /* TSDetailController.m in Sources */,
				A1830BA318DBF5340053DE81 /* TSPlaceMark.m in Sources */,
				A10EDCA618D07F940048EA02 /* TSMainCell.m in Sources */,
				A10A4BAF19A9F6F90011E5A1 /* BTGlassScrollView.m in Sources */,
				A178487A18F13995005B05F1 /* UIFolderTableView.m in Sources */,
				A1BDDDE41998FB830041B0A1 /* TSPhotoCollectionController.m in Sources */,
				A150B7911A105B8F0044A1BE /* TSFavoriteController.m in Sources */,
				A1BDDE0F199A825B0041B0A1 /* MJPhotoToolbar.m in Sources */,
				A178487718F13995005B05F1 /* Cell.m in Sources */,
				A1AE451019EF7657004B328B /* TSSignupController.m in Sources */,
				A171E17918C6D186003113ED /* main.m in Sources */,
				A15FC10D1A2C0E5800AE708C /* TSMenuCell.m in Sources */,
				A178487918F13995005B05F1 /* FolderCoverView.m in Sources */,
				A1BDDDFC199A7A150041B0A1 /* TSPhotoGalleryController.m in Sources */,
				A10BC25918CF1F97002999F6 /* TSMainController.m in Sources */,
				A1830B5C18DB4E4C0053DE81 /* JDSideMenu.m in Sources */,
				A1830B6D18DB604E0053DE81 /* TSCategoryController.m in Sources */,
				A1830B5D18DB4E4C0053DE81 /* UIViewController+JDSideMenu.m in Sources */,
				A1C8EAE21A13A6BA006AE0B3 /* ZbarScannerController.m in Sources */,
				A169DCA619E46B5B003D4846 /* FSTableViewController.m in Sources */,
				A1BDDDF9199917FB0041B0A1 /* TSPhotoCollectionViewCell.m in Sources */,
				A1165CB218F69D8300213808 /* TSPlaceCategory.m in Sources */,
				A178488018F13A39005B05F1 /* SubCateViewController.m in Sources */,
				A154546D19E94F290032AE03 /* UIImage+UIImageExt.m in Sources */,
				A1830B6A18DB5C460053DE81 /* TSMoreController.m in Sources */,
				A1E95B45191F1DD6009BE585 /* MJRefreshFooterView.m in Sources */,
				A10BC27618D05C40002999F6 /* YSpinKitView.m in Sources */,
				A1A4B7941A219A9200B0D1A8 /* TSFeedbackController.m in Sources */,
				A18AA9591A13BA7F00D931E6 /* TSMutiLanguageMenuController.m in Sources */,
				A1BDDE0E199A825B0041B0A1 /* MJPhotoProgressView.m in Sources */,
				A14F0A771B719203000469D8 /* TSMembership.m in Sources */,
				A11316F1191E81E800EC96B6 /* TSPromotionController.m in Sources */,
				A154546F19E94F290032AE03 /* UIImage+vImage.m in Sources */,
				A1AE450C19EF75C4004B328B /* TSLoginController.m in Sources */,
				A1BDDE0C199A825B0041B0A1 /* MJPhotoBrowser.m in Sources */,
				A178487B18F13995005B05F1 /* UIView+screenshot.m in Sources */,
				A14F0A741B710A30000469D8 /* TSMemberController.m in Sources */,
				A1BDDE0D199A825B0041B0A1 /* MJPhotoLoadingView.m in Sources */,
			);
			runOnlyForDeploymentPostprocessing = 0;
		};
		A171E18618C6D186003113ED /* Sources */ = {
			isa = PBXSourcesBuildPhase;
			buildActionMask = 2147483647;
			files = (
				A1E838E718CEAD1C008E6F57 /* FSUtilSettings.m in Sources */,
				A171E19818C6D186003113ED /* MalmooTests.m in Sources */,
			);
			runOnlyForDeploymentPostprocessing = 0;
		};
/* End PBXSourcesBuildPhase section */

/* Begin PBXTargetDependency section */
		A171E19018C6D186003113ED /* PBXTargetDependency */ = {
			isa = PBXTargetDependency;
			target = A171E16818C6D186003113ED /* Malmoo */;
			targetProxy = A171E18F18C6D186003113ED /* PBXContainerItemProxy */;
		};
/* End PBXTargetDependency section */

/* Begin PBXVariantGroup section */
		A1412F681B7AE043009E1FF4 /* JDMenuViewController.xib */ = {
			isa = PBXVariantGroup;
			children = (
				A1412F691B7AE045009E1FF4 /* Base */,
				A1DB3FEE1B7C496200702674 /* sv */,
			);
			name = JDMenuViewController.xib;
			sourceTree = "<group>";
		};
		A171E17518C6D186003113ED /* InfoPlist.strings */ = {
			isa = PBXVariantGroup;
			children = (
				A171E17618C6D186003113ED /* en */,
			);
			name = InfoPlist.strings;
			sourceTree = "<group>";
		};
		A171E17E18C6D186003113ED /* Main.storyboard */ = {
			isa = PBXVariantGroup;
			children = (
				A171E17F18C6D186003113ED /* Base */,
				A1DB3FE71B7C428600702674 /* sv */,
			);
			name = Main.storyboard;
			sourceTree = "<group>";
		};
		A171E19418C6D186003113ED /* InfoPlist.strings */ = {
			isa = PBXVariantGroup;
			children = (
				A171E19518C6D186003113ED /* en */,
				A1AF39701A199A3F006F26F5 /* sv */,
			);
			name = InfoPlist.strings;
			sourceTree = "<group>";
		};
		A1AF39731A19AC91006F26F5 /* Account.storyboard */ = {
			isa = PBXVariantGroup;
			children = (
				A1AF39761A19ACA6006F26F5 /* Base */,
				A1AF39771A19ACFC006F26F5 /* sv */,
			);
			name = Account.storyboard;
			sourceTree = "<group>";
		};
		A1DB3FEA1B7C472C00702674 /* TSDetailControllerView.xib */ = {
			isa = PBXVariantGroup;
			children = (
				A1DB3FEB1B7C473000702674 /* Base */,
				A1DB3FEC1B7C473400702674 /* sv */,
			);
			name = TSDetailControllerView.xib;
			sourceTree = "<group>";
		};
		A1E7D7DF1A1DE0D300211132 /* MutiLanguage.storyboard */ = {
			isa = PBXVariantGroup;
			children = (
				A1E7D7E01A1DE0D900211132 /* Base */,
				A1E7D7E31A1DE0F000211132 /* sv */,
			);
			name = MutiLanguage.storyboard;
			sourceTree = "<group>";
		};
		A1E7D7EA1A1DE63900211132 /* Localizable.strings */ = {
			isa = PBXVariantGroup;
			children = (
				A1E7D7EB1A1DE72500211132 /* Base */,
				A1E7D7EC1A1DE8CC00211132 /* sv */,
			);
			name = Localizable.strings;
			sourceTree = "<group>";
		};
/* End PBXVariantGroup section */

/* Begin XCBuildConfiguration section */
		A171E19918C6D186003113ED /* Debug */ = {
			isa = XCBuildConfiguration;
			buildSettings = {
				ALWAYS_SEARCH_USER_PATHS = NO;
				CLANG_CXX_LANGUAGE_STANDARD = "gnu++0x";
				CLANG_CXX_LIBRARY = "libc++";
				CLANG_ENABLE_MODULES = YES;
				CLANG_ENABLE_OBJC_ARC = YES;
				CLANG_WARN_BOOL_CONVERSION = YES;
				CLANG_WARN_CONSTANT_CONVERSION = YES;
				CLANG_WARN_DIRECT_OBJC_ISA_USAGE = YES_ERROR;
				CLANG_WARN_EMPTY_BODY = YES;
				CLANG_WARN_ENUM_CONVERSION = YES;
				CLANG_WARN_INT_CONVERSION = YES;
				CLANG_WARN_OBJC_ROOT_CLASS = YES_ERROR;
				CLANG_WARN__DUPLICATE_METHOD_MATCH = YES;
				"CODE_SIGN_IDENTITY[sdk=iphoneos*]" = "iPhone Developer";
				COPY_PHASE_STRIP = NO;
				GCC_C_LANGUAGE_STANDARD = gnu99;
				GCC_DYNAMIC_NO_PIC = NO;
				GCC_OPTIMIZATION_LEVEL = 0;
				GCC_PREPROCESSOR_DEFINITIONS = (
					"DEBUG=1",
					"$(inherited)",
				);
				GCC_SYMBOLS_PRIVATE_EXTERN = NO;
				GCC_WARN_64_TO_32_BIT_CONVERSION = YES;
				GCC_WARN_ABOUT_RETURN_TYPE = YES_ERROR;
				GCC_WARN_UNDECLARED_SELECTOR = YES;
				GCC_WARN_UNINITIALIZED_AUTOS = YES_AGGRESSIVE;
				GCC_WARN_UNUSED_FUNCTION = YES;
				GCC_WARN_UNUSED_VARIABLE = YES;
				IPHONEOS_DEPLOYMENT_TARGET = 7.0;
				ONLY_ACTIVE_ARCH = YES;
				SDKROOT = iphoneos;
			};
			name = Debug;
		};
		A171E19A18C6D186003113ED /* Release */ = {
			isa = XCBuildConfiguration;
			buildSettings = {
				ALWAYS_SEARCH_USER_PATHS = NO;
				CLANG_CXX_LANGUAGE_STANDARD = "gnu++0x";
				CLANG_CXX_LIBRARY = "libc++";
				CLANG_ENABLE_MODULES = YES;
				CLANG_ENABLE_OBJC_ARC = YES;
				CLANG_WARN_BOOL_CONVERSION = YES;
				CLANG_WARN_CONSTANT_CONVERSION = YES;
				CLANG_WARN_DIRECT_OBJC_ISA_USAGE = YES_ERROR;
				CLANG_WARN_EMPTY_BODY = YES;
				CLANG_WARN_ENUM_CONVERSION = YES;
				CLANG_WARN_INT_CONVERSION = YES;
				CLANG_WARN_OBJC_ROOT_CLASS = YES_ERROR;
				CLANG_WARN__DUPLICATE_METHOD_MATCH = YES;
				"CODE_SIGN_IDENTITY[sdk=iphoneos*]" = "iPhone Developer";
				COPY_PHASE_STRIP = YES;
				ENABLE_NS_ASSERTIONS = NO;
				GCC_C_LANGUAGE_STANDARD = gnu99;
				GCC_WARN_64_TO_32_BIT_CONVERSION = YES;
				GCC_WARN_ABOUT_RETURN_TYPE = YES_ERROR;
				GCC_WARN_UNDECLARED_SELECTOR = YES;
				GCC_WARN_UNINITIALIZED_AUTOS = YES_AGGRESSIVE;
				GCC_WARN_UNUSED_FUNCTION = YES;
				GCC_WARN_UNUSED_VARIABLE = YES;
				IPHONEOS_DEPLOYMENT_TARGET = 7.0;
				SDKROOT = iphoneos;
				VALIDATE_PRODUCT = YES;
			};
			name = Release;
		};
		A171E19C18C6D186003113ED /* Debug */ = {
			isa = XCBuildConfiguration;
			baseConfigurationReference = 34EAEA7E621DAEAD9CFFC1A1 /* Pods.debug.xcconfig */;
			buildSettings = {
				ASSETCATALOG_COMPILER_APPICON_NAME = AppIcon;
				ASSETCATALOG_COMPILER_LAUNCHIMAGE_NAME = LaunchImage;
				CODE_SIGN_IDENTITY = "iPhone Developer";
				"CODE_SIGN_IDENTITY[sdk=iphoneos*]" = "iPhone Developer";
				DEBUG_INFORMATION_FORMAT = dwarf;
				FRAMEWORK_SEARCH_PATHS = (
					"$(inherited)",
					"$(PROJECT_DIR)/Malmoo",
				);
				GCC_PRECOMPILE_PREFIX_HEADER = YES;
				GCC_PREFIX_HEADER = "Malmoo/Malmoo-Prefix.pch";
				INFOPLIST_FILE = "Malmoo/Malmoo-Info.plist";
				IPHONEOS_DEPLOYMENT_TARGET = 7.0;
				LIBRARY_SEARCH_PATHS = (
					"$(inherited)",
					"$(PROJECT_DIR)/Malmoo",
					"$(PROJECT_DIR)",
					/Users/folse/Desktop,
				);
				ONLY_ACTIVE_ARCH = YES;
				PRODUCT_NAME = "$(TARGET_NAME)";
				PROVISIONING_PROFILE = "";
				VALID_ARCHS = "armv7 armv7s arm64";
				WRAPPER_EXTENSION = app;
			};
			name = Debug;
		};
		A171E19D18C6D186003113ED /* Release */ = {
			isa = XCBuildConfiguration;
			baseConfigurationReference = FF89101AFEB4DB39043D668B /* Pods.release.xcconfig */;
			buildSettings = {
				ASSETCATALOG_COMPILER_APPICON_NAME = AppIcon;
				ASSETCATALOG_COMPILER_LAUNCHIMAGE_NAME = LaunchImage;
				CODE_SIGN_IDENTITY = "iPhone Distribution";
				"CODE_SIGN_IDENTITY[sdk=iphoneos*]" = "iPhone Distribution";
				DEBUG_INFORMATION_FORMAT = dwarf;
				FRAMEWORK_SEARCH_PATHS = (
					"$(inherited)",
					"$(PROJECT_DIR)/Malmoo",
				);
				GCC_PRECOMPILE_PREFIX_HEADER = YES;
				GCC_PREFIX_HEADER = "Malmoo/Malmoo-Prefix.pch";
				INFOPLIST_FILE = "Malmoo/Malmoo-Info.plist";
				IPHONEOS_DEPLOYMENT_TARGET = 7.0;
				LIBRARY_SEARCH_PATHS = (
					"$(inherited)",
					"$(PROJECT_DIR)/Malmoo",
					"$(PROJECT_DIR)",
					/Users/folse/Desktop,
				);
				PRODUCT_NAME = "$(TARGET_NAME)";
				PROVISIONING_PROFILE = "";
				VALID_ARCHS = "armv7 armv7s arm64";
				WRAPPER_EXTENSION = app;
			};
			name = Release;
		};
		A171E19F18C6D186003113ED /* Debug */ = {
			isa = XCBuildConfiguration;
			buildSettings = {
				BUNDLE_LOADER = "$(BUILT_PRODUCTS_DIR)/Malmoo.app/Malmoo";
				FRAMEWORK_SEARCH_PATHS = (
					"$(SDKROOT)/Developer/Library/Frameworks",
					"$(inherited)",
					"$(DEVELOPER_FRAMEWORKS_DIR)",
				);
				GCC_PRECOMPILE_PREFIX_HEADER = YES;
				GCC_PREFIX_HEADER = "Malmoo/Malmoo-Prefix.pch";
				GCC_PREPROCESSOR_DEFINITIONS = (
					"DEBUG=1",
					"$(inherited)",
				);
				INFOPLIST_FILE = "MalmooTests/MalmooTests-Info.plist";
				PRODUCT_NAME = "$(TARGET_NAME)";
				TEST_HOST = "$(BUNDLE_LOADER)";
				WRAPPER_EXTENSION = xctest;
			};
			name = Debug;
		};
		A171E1A018C6D186003113ED /* Release */ = {
			isa = XCBuildConfiguration;
			buildSettings = {
				BUNDLE_LOADER = "$(BUILT_PRODUCTS_DIR)/Malmoo.app/Malmoo";
				FRAMEWORK_SEARCH_PATHS = (
					"$(SDKROOT)/Developer/Library/Frameworks",
					"$(inherited)",
					"$(DEVELOPER_FRAMEWORKS_DIR)",
				);
				GCC_PRECOMPILE_PREFIX_HEADER = YES;
				GCC_PREFIX_HEADER = "Malmoo/Malmoo-Prefix.pch";
				INFOPLIST_FILE = "MalmooTests/MalmooTests-Info.plist";
				PRODUCT_NAME = "$(TARGET_NAME)";
				TEST_HOST = "$(BUNDLE_LOADER)";
				WRAPPER_EXTENSION = xctest;
			};
			name = Release;
		};
/* End XCBuildConfiguration section */

/* Begin XCConfigurationList section */
		A171E16418C6D186003113ED /* Build configuration list for PBXProject "Malmoo" */ = {
			isa = XCConfigurationList;
			buildConfigurations = (
				A171E19918C6D186003113ED /* Debug */,
				A171E19A18C6D186003113ED /* Release */,
			);
			defaultConfigurationIsVisible = 0;
			defaultConfigurationName = Release;
		};
		A171E19B18C6D186003113ED /* Build configuration list for PBXNativeTarget "Malmoo" */ = {
			isa = XCConfigurationList;
			buildConfigurations = (
				A171E19C18C6D186003113ED /* Debug */,
				A171E19D18C6D186003113ED /* Release */,
			);
			defaultConfigurationIsVisible = 0;
			defaultConfigurationName = Release;
		};
		A171E19E18C6D186003113ED /* Build configuration list for PBXNativeTarget "MalmooTests" */ = {
			isa = XCConfigurationList;
			buildConfigurations = (
				A171E19F18C6D186003113ED /* Debug */,
				A171E1A018C6D186003113ED /* Release */,
			);
			defaultConfigurationIsVisible = 0;
			defaultConfigurationName = Release;
		};
/* End XCConfigurationList section */
	};
	rootObject = A171E16118C6D186003113ED /* Project object */;
}
