PODS:
  - AFNetworking (2.2.0):
    - AFNetworking/NSURLConnection
    - AFNetworking/NSURLSession
    - AFNetworking/Reachability
    - AFNetworking/Security
    - AFNetworking/Serialization
    - AFNetworking/UIKit
  - AFNetworking/NSURLConnection (2.2.0):
    - AFNetworking/Reachability
    - AFNetworking/Security
    - AFNetworking/Serialization
  - AFNetworking/NSURLSession (2.2.0):
    - AFNetworking/NSURLConnection
  - AFNetworking/Reachability (2.2.0)
  - AFNetworking/Security (2.2.0)
  - AFNetworking/Serialization (2.2.0)
  - AFNetworking/UIKit (2.2.0):
    - AFNetworking/NSURLConnection
    - AFNetworking/NSURLSession
  - BlocksKit (2.2.2):
    - BlocksKit/All
  - BlocksKit/All (2.2.2):
    - BlocksKit/Core
    - BlocksKit/DynamicDelegate
    - BlocksKit/MessageUI
    - BlocksKit/UIKit
  - BlocksKit/Core (2.2.2)
  - BlocksKit/DynamicDelegate (2.2.2)
  - BlocksKit/MessageUI (2.2.2):
    - BlocksKit/Core
    - BlocksKit/DynamicDelegate
  - BlocksKit/UIKit (2.2.2):
    - BlocksKit/Core
    - BlocksKit/DynamicDelegate
  - EAIntroView (2.6.0)

DEPENDENCIES:
  - AFNetworking (= 2.2.0)
  - BlocksKit (= 2.2.2)
  - EAIntroView (= 2.6.0)

SPEC CHECKSUMS:
  AFNetworking: 5f2538aa2d150b71d4e6cca3a420d796e1e1c374
  BlocksKit: 49fda17cbd628f3d6683f62de57edeaa315b386c
  EAIntroView: 1223ef380aef3e2285508016a083d70e80c48a30

COCOAPODS: 0.33.1
